PODS:
  - BGFMDB (2.0.13):
    - BGFMDB/BG (= 2.0.13)
    - BGFMDB/FMDB (= 2.0.13)
  - BGFMDB/BG (2.0.13):
    - BGFMDB/FMDB
  - BGFMDB/FMDB (2.0.13)
  - IQKeyboardManager (6.4.0)
  - LYEmptyView (1.2.3)
  - Masonry (1.1.0)
  - MJExtension (3.0.17)
  - MJRefresh (3.2.0)
  - WHCNetWorkKit (0.0.3):
    - WHCNetWorkKit/NSURLConnection (= 0.0.3)
    - WHCNetWorkKit/NSURLSession (= 0.0.3)
    - WHCNetWorkKit/Reachability (= 0.0.3)
    - WHCNetWorkKit/UIKit (= 0.0.3)
    - WHCNetWorkKit/UtillKit (= 0.0.3)
  - WHCNetWorkKit/NSURLConnection (0.0.3):
    - WHCNetWorkKit/Reachability
  - WHCNetWorkKit/NSURLSession (0.0.3):
    - WHCNetWorkKit/NSURLConnection
  - WHCNetWorkKit/Reachability (0.0.3)
  - WHCNetWorkKit/UIKit (0.0.3):
    - WHCNetWorkKit/NSURLConnection
  - WHCNetWorkKit/UtillKit (0.0.3)
  - YYKit (1.0.9):
    - YYKit/no-arc (= 1.0.9)
  - YYKit/no-arc (1.0.9)

DEPENDENCIES:
  - BGFMDB
  - IQKeyboardManager
  - LYEmptyView
  - Masonry
  - MJExtension
  - MJRefresh
  - WHCNetWorkKit
  - YYKit

SPEC REPOS:
  https://github.com/cocoapods/specs.git:
    - BGFMDB
    - IQKeyboardManager
    - LYEmptyView
    - Masonry
    - MJExtension
    - MJRefresh
    - WHCNetWorkKit
    - YYKit

SPEC CHECKSUMS:
  BGFMDB: 48e6823027232402a678acc7f71484b1fc9171d0
  IQKeyboardManager: fcef267266379c003181fc3592f6bdb8bf4db839
  LYEmptyView: ea5827f3f81fcbec427f990005501991477bdae8
  Masonry: 678fab65091a9290e40e2832a55e7ab731aad201
  MJExtension: 74ec83124a68891619fb7ba9c5c811bbf1691076
  MJRefresh: ed450d6eb9d3346a2cb033ab7eb6de090aeef437
  WHCNetWorkKit: 169c27c8b8008e8f8d679277929777083a2379b9
  YYKit: 7cda43304a8dc3696c449041e2cb3107b4e236e7

PODFILE CHECKSUM: 2b301e00dc08dc5c482c95f993c3024e915be950

COCOAPODS: 1.7.4
