// !$*UTF8*$!
{
	archiveVersion = 1;
	classes = {
	};
	objectVersion = 50;
	objects = {

/* Begin PBXBuildFile section */
		84AB4813AA9E8212B9B4EF47 /* libPods-HuangGuan.a in Frameworks */ = {isa = PBXBuildFile; fileRef = 19A0E092F9C20DEDCC909AB7 /* libPods-HuangGuan.a */; };
		A2A1E5792311332B00AB85CA /* HGItemListTableViewController.m in Sources */ = {isa = PBXBuildFile; fileRef = A2A1E5782311332B00AB85CA /* HGItemListTableViewController.m */; };
		A2A1E57B2311343B00AB85CA /* Item.plist in Resources */ = {isa = PBXBuildFile; fileRef = A2A1E57A2311343B00AB85CA /* Item.plist */; };
		A2A1E57E23113E2700AB85CA /* HGItemModel.m in Sources */ = {isa = PBXBuildFile; fileRef = A2A1E57D23113E2700AB85CA /* HGItemModel.m */; };
		A2A1E582231141DA00AB85CA /* HGItemCell.m in Sources */ = {isa = PBXBuildFile; fileRef = A2A1E580231141DA00AB85CA /* HGItemCell.m */; };
		A2A1E583231141DA00AB85CA /* HGItemCell.xib in Resources */ = {isa = PBXBuildFile; fileRef = A2A1E581231141DA00AB85CA /* HGItemCell.xib */; };
		A2A1E58A23114AF300AB85CA /* HGItemDetailsTableViewController.m in Sources */ = {isa = PBXBuildFile; fileRef = A2A1E58823114AF300AB85CA /* HGItemDetailsTableViewController.m */; };
		A2A1E58F23114FAE00AB85CA /* HGDeitalFirstCell.m in Sources */ = {isa = PBXBuildFile; fileRef = A2A1E58D23114FAE00AB85CA /* HGDeitalFirstCell.m */; };
		A2A1E59023114FAE00AB85CA /* HGDeitalFirstCell.xib in Resources */ = {isa = PBXBuildFile; fileRef = A2A1E58E23114FAE00AB85CA /* HGDeitalFirstCell.xib */; };
		A2A1E5942311509300AB85CA /* HGDetailSecondCell.m in Sources */ = {isa = PBXBuildFile; fileRef = A2A1E5922311509300AB85CA /* HGDetailSecondCell.m */; };
		A2A1E5952311509300AB85CA /* HGDetailSecondCell.xib in Resources */ = {isa = PBXBuildFile; fileRef = A2A1E5932311509300AB85CA /* HGDetailSecondCell.xib */; };
		A2A1E59923122D6400AB85CA /* HGDetailSecondSecondCell.m in Sources */ = {isa = PBXBuildFile; fileRef = A2A1E59723122D6400AB85CA /* HGDetailSecondSecondCell.m */; };
		A2A1E59A23122D6400AB85CA /* HGDetailSecondSecondCell.xib in Resources */ = {isa = PBXBuildFile; fileRef = A2A1E59823122D6400AB85CA /* HGDetailSecondSecondCell.xib */; };
		A2A1E59E23122DE700AB85CA /* HGDetailThirdCell.m in Sources */ = {isa = PBXBuildFile; fileRef = A2A1E59C23122DE700AB85CA /* HGDetailThirdCell.m */; };
		A2A1E59F23122DE700AB85CA /* HGDetailThirdCell.xib in Resources */ = {isa = PBXBuildFile; fileRef = A2A1E59D23122DE700AB85CA /* HGDetailThirdCell.xib */; };
		A2A1E5A22312418100AB85CA /* HGShopCarModel.m in Sources */ = {isa = PBXBuildFile; fileRef = A2A1E5A12312418100AB85CA /* HGShopCarModel.m */; };
		A2A1E5A82312424300AB85CA /* CollectDataTool.m in Sources */ = {isa = PBXBuildFile; fileRef = A2A1E5A42312424300AB85CA /* CollectDataTool.m */; };
		A2A1E5A92312424300AB85CA /* ShopCarDataTool.m in Sources */ = {isa = PBXBuildFile; fileRef = A2A1E5A62312424300AB85CA /* ShopCarDataTool.m */; };
		A2A1E5AD231248EC00AB85CA /* Order.m in Sources */ = {isa = PBXBuildFile; fileRef = A2A1E5AB231248EC00AB85CA /* Order.m */; };
		A2A1E5B123125F4C00AB85CA /* HGShoppingCartViewController.m in Sources */ = {isa = PBXBuildFile; fileRef = A2A1E5AF23125F4C00AB85CA /* HGShoppingCartViewController.m */; };
		A2A1E5B223125F4C00AB85CA /* HGShoppingCartViewController.xib in Resources */ = {isa = PBXBuildFile; fileRef = A2A1E5B023125F4C00AB85CA /* HGShoppingCartViewController.xib */; };
		A2A1E5B62312674B00AB85CA /* HGShopCartCell.m in Sources */ = {isa = PBXBuildFile; fileRef = A2A1E5B42312674B00AB85CA /* HGShopCartCell.m */; };
		A2A1E5B72312674B00AB85CA /* HGShopCartCell.xib in Resources */ = {isa = PBXBuildFile; fileRef = A2A1E5B52312674B00AB85CA /* HGShopCartCell.xib */; };
		A2A1E5BB23128DDB00AB85CA /* HGConfirmOrderViewController.m in Sources */ = {isa = PBXBuildFile; fileRef = A2A1E5B923128DDB00AB85CA /* HGConfirmOrderViewController.m */; };
		A2A1E5BC23128DDB00AB85CA /* HGConfirmOrderViewController.xib in Resources */ = {isa = PBXBuildFile; fileRef = A2A1E5BA23128DDB00AB85CA /* HGConfirmOrderViewController.xib */; };
		A2BE2C4B231297D300A770A0 /* HGConfirmOrderFirstCell.m in Sources */ = {isa = PBXBuildFile; fileRef = A2BE2C49231297D300A770A0 /* HGConfirmOrderFirstCell.m */; };
		A2BE2C4C231297D300A770A0 /* HGConfirmOrderFirstCell.xib in Resources */ = {isa = PBXBuildFile; fileRef = A2BE2C4A231297D300A770A0 /* HGConfirmOrderFirstCell.xib */; };
		A2BE2C50231297E800A770A0 /* HGConfirmOrderSecondCell.m in Sources */ = {isa = PBXBuildFile; fileRef = A2BE2C4E231297E800A770A0 /* HGConfirmOrderSecondCell.m */; };
		A2BE2C51231297E800A770A0 /* HGConfirmOrderSecondCell.xib in Resources */ = {isa = PBXBuildFile; fileRef = A2BE2C4F231297E800A770A0 /* HGConfirmOrderSecondCell.xib */; };
		A2BE2C582312981900A770A0 /* HGConfirmOrderThirdOneCell.m in Sources */ = {isa = PBXBuildFile; fileRef = A2BE2C562312981900A770A0 /* HGConfirmOrderThirdOneCell.m */; };
		A2BE2C592312981900A770A0 /* HGConfirmOrderThirdOneCell.xib in Resources */ = {isa = PBXBuildFile; fileRef = A2BE2C572312981900A770A0 /* HGConfirmOrderThirdOneCell.xib */; };
		A2BE2C5D2312982900A770A0 /* HGConfirmOrderThirdTwoCell.m in Sources */ = {isa = PBXBuildFile; fileRef = A2BE2C5B2312982900A770A0 /* HGConfirmOrderThirdTwoCell.m */; };
		A2BE2C5E2312982900A770A0 /* HGConfirmOrderThirdTwoCell.xib in Resources */ = {isa = PBXBuildFile; fileRef = A2BE2C5C2312982900A770A0 /* HGConfirmOrderThirdTwoCell.xib */; };
		A2BE2C622312983C00A770A0 /* HGConfirmOrderThirdThreeCell.m in Sources */ = {isa = PBXBuildFile; fileRef = A2BE2C602312983C00A770A0 /* HGConfirmOrderThirdThreeCell.m */; };
		A2BE2C632312983C00A770A0 /* HGConfirmOrderThirdThreeCell.xib in Resources */ = {isa = PBXBuildFile; fileRef = A2BE2C612312983C00A770A0 /* HGConfirmOrderThirdThreeCell.xib */; };
		A2BE2C672312985200A770A0 /* HGConfirmOrderFourthCell.m in Sources */ = {isa = PBXBuildFile; fileRef = A2BE2C652312985200A770A0 /* HGConfirmOrderFourthCell.m */; };
		A2BE2C682312985200A770A0 /* HGConfirmOrderFourthCell.xib in Resources */ = {isa = PBXBuildFile; fileRef = A2BE2C662312985200A770A0 /* HGConfirmOrderFourthCell.xib */; };
		A2BE2C6B2312AAA700A770A0 /* OrderDetailTableViewController.m in Sources */ = {isa = PBXBuildFile; fileRef = A2BE2C6A2312AAA700A770A0 /* OrderDetailTableViewController.m */; };
		A2BE2C6F2312AAC900A770A0 /* HGOrderDetailFirstOneCell.m in Sources */ = {isa = PBXBuildFile; fileRef = A2BE2C6D2312AAC900A770A0 /* HGOrderDetailFirstOneCell.m */; };
		A2BE2C702312AAC900A770A0 /* HGOrderDetailFirstOneCell.xib in Resources */ = {isa = PBXBuildFile; fileRef = A2BE2C6E2312AAC900A770A0 /* HGOrderDetailFirstOneCell.xib */; };
		A2BE2C742312AB4500A770A0 /* HGOrderDetailFirstTwoCell.m in Sources */ = {isa = PBXBuildFile; fileRef = A2BE2C722312AB4500A770A0 /* HGOrderDetailFirstTwoCell.m */; };
		A2BE2C752312AB4500A770A0 /* HGOrderDetailFirstTwoCell.xib in Resources */ = {isa = PBXBuildFile; fileRef = A2BE2C732312AB4500A770A0 /* HGOrderDetailFirstTwoCell.xib */; };
		A2BE2C792312AC1B00A770A0 /* HGOrderDetailSecondCell.m in Sources */ = {isa = PBXBuildFile; fileRef = A2BE2C772312AC1B00A770A0 /* HGOrderDetailSecondCell.m */; };
		A2BE2C7A2312AC1B00A770A0 /* HGOrderDetailSecondCell.xib in Resources */ = {isa = PBXBuildFile; fileRef = A2BE2C782312AC1B00A770A0 /* HGOrderDetailSecondCell.xib */; };
		A2BE2C7E2312ADC800A770A0 /* HGOrderDetailFinalCell.m in Sources */ = {isa = PBXBuildFile; fileRef = A2BE2C7C2312ADC800A770A0 /* HGOrderDetailFinalCell.m */; };
		A2BE2C7F2312ADC800A770A0 /* HGOrderDetailFinalCell.xib in Resources */ = {isa = PBXBuildFile; fileRef = A2BE2C7D2312ADC800A770A0 /* HGOrderDetailFinalCell.xib */; };
		A2BE2C8323137D7500A770A0 /* HGOrderDetailThridCell.m in Sources */ = {isa = PBXBuildFile; fileRef = A2BE2C8123137D7500A770A0 /* HGOrderDetailThridCell.m */; };
		A2BE2C8423137D7500A770A0 /* HGOrderDetailThridCell.xib in Resources */ = {isa = PBXBuildFile; fileRef = A2BE2C8223137D7500A770A0 /* HGOrderDetailThridCell.xib */; };
		A2BE2C8823137F0B00A770A0 /* HGOrderDetailFourthCell.m in Sources */ = {isa = PBXBuildFile; fileRef = A2BE2C8623137F0B00A770A0 /* HGOrderDetailFourthCell.m */; };
		A2BE2C8923137F0B00A770A0 /* HGOrderDetailFourthCell.xib in Resources */ = {isa = PBXBuildFile; fileRef = A2BE2C8723137F0B00A770A0 /* HGOrderDetailFourthCell.xib */; };
		A2BE2C8D23138ACC00A770A0 /* HGOrderDetailFifthCell.m in Sources */ = {isa = PBXBuildFile; fileRef = A2BE2C8B23138ACC00A770A0 /* HGOrderDetailFifthCell.m */; };
		A2BE2C8E23138ACC00A770A0 /* HGOrderDetailFifthCell.xib in Resources */ = {isa = PBXBuildFile; fileRef = A2BE2C8C23138ACC00A770A0 /* HGOrderDetailFifthCell.xib */; };
		A2BE2C962313AB3300A770A0 /* OrderListTableViewController.m in Sources */ = {isa = PBXBuildFile; fileRef = A2BE2C912313AB3300A770A0 /* OrderListTableViewController.m */; };
		A2BE2C972313AB3300A770A0 /* OrderListTableViewCell.xib in Resources */ = {isa = PBXBuildFile; fileRef = A2BE2C942313AB3300A770A0 /* OrderListTableViewCell.xib */; };
		A2BE2C982313AB3300A770A0 /* OrderListTableViewCell.m in Sources */ = {isa = PBXBuildFile; fileRef = A2BE2C952313AB3300A770A0 /* OrderListTableViewCell.m */; };
		A2BE2C9C2313ABC200A770A0 /* OrderCollectionViewCell.m in Sources */ = {isa = PBXBuildFile; fileRef = A2BE2C9A2313ABC200A770A0 /* OrderCollectionViewCell.m */; };
		A2BE2C9D2313ABC200A770A0 /* OrderCollectionViewCell.xib in Resources */ = {isa = PBXBuildFile; fileRef = A2BE2C9B2313ABC200A770A0 /* OrderCollectionViewCell.xib */; };
		A2BE2CA02313C12E00A770A0 /* UITextView+YLTextView.m in Sources */ = {isa = PBXBuildFile; fileRef = A2BE2C9F2313C12E00A770A0 /* UITextView+YLTextView.m */; };
		A2DA039E230B8EB300491721 /* AppDelegate.m in Sources */ = {isa = PBXBuildFile; fileRef = A2DA039D230B8EB300491721 /* AppDelegate.m */; };
		A2DA03A1230B8EB300491721 /* ViewController.m in Sources */ = {isa = PBXBuildFile; fileRef = A2DA03A0230B8EB300491721 /* ViewController.m */; };
		A2DA03A4230B8EB300491721 /* Main.storyboard in Resources */ = {isa = PBXBuildFile; fileRef = A2DA03A2230B8EB300491721 /* Main.storyboard */; };
		A2DA03A6230B8EB500491721 /* Assets.xcassets in Resources */ = {isa = PBXBuildFile; fileRef = A2DA03A5230B8EB500491721 /* Assets.xcassets */; };
		A2DA03A9230B8EB500491721 /* LaunchScreen.storyboard in Resources */ = {isa = PBXBuildFile; fileRef = A2DA03A7230B8EB500491721 /* LaunchScreen.storyboard */; };
		A2DA03AC230B8EB600491721 /* main.m in Sources */ = {isa = PBXBuildFile; fileRef = A2DA03AB230B8EB600491721 /* main.m */; };
		A2DA03BD230B97C900491721 /* HGNavigationController.m in Sources */ = {isa = PBXBuildFile; fileRef = A2DA03BC230B97C900491721 /* HGNavigationController.m */; };
		A2DA03C0230B97E300491721 /* HGTabBarController.m in Sources */ = {isa = PBXBuildFile; fileRef = A2DA03BF230B97E300491721 /* HGTabBarController.m */; };
		A2DA03CA230B9FDB00491721 /* HGBaseViewController.m in Sources */ = {isa = PBXBuildFile; fileRef = A2DA03C9230B9FDB00491721 /* HGBaseViewController.m */; };
		A2DA03CE230BA1F700491721 /* HGMineViewController.m in Sources */ = {isa = PBXBuildFile; fileRef = A2DA03CD230BA1F700491721 /* HGMineViewController.m */; };
		A2DA03D7230BA21500491721 /* HGMainViewController.m in Sources */ = {isa = PBXBuildFile; fileRef = A2DA03D6230BA21500491721 /* HGMainViewController.m */; };
		A2DA03DA230BCD4500491721 /* UIImage+GradientColor.m in Sources */ = {isa = PBXBuildFile; fileRef = A2DA03D9230BCD4500491721 /* UIImage+GradientColor.m */; };
		A2DA03DD230BE9EA00491721 /* HGMineCell.m in Sources */ = {isa = PBXBuildFile; fileRef = A2DA03DC230BE9EA00491721 /* HGMineCell.m */; };
		A2DA03DF230BF1E400491721 /* MineCell.plist in Resources */ = {isa = PBXBuildFile; fileRef = A2DA03DE230BF1E400491721 /* MineCell.plist */; };
		A2DA03E2230BF33F00491721 /* HGMineCellModel.m in Sources */ = {isa = PBXBuildFile; fileRef = A2DA03E1230BF33F00491721 /* HGMineCellModel.m */; };
		A2DA03E5230BF77A00491721 /* HGFeedBackViewController.m in Sources */ = {isa = PBXBuildFile; fileRef = A2DA03E4230BF77A00491721 /* HGFeedBackViewController.m */; };
		A2DA03E8230BFDAE00491721 /* HGSettingViewController.m in Sources */ = {isa = PBXBuildFile; fileRef = A2DA03E7230BFDAE00491721 /* HGSettingViewController.m */; };
		A2DA03EB230BFEC400491721 /* HGMineSettingCell.m in Sources */ = {isa = PBXBuildFile; fileRef = A2DA03EA230BFEC400491721 /* HGMineSettingCell.m */; };
		A2DA03F2230C0B0C00491721 /* SAChangePwdViewController.m in Sources */ = {isa = PBXBuildFile; fileRef = A2DA03F0230C0B0C00491721 /* SAChangePwdViewController.m */; };
		A2DA03F3230C0B0C00491721 /* SAChangePwd.storyboard in Resources */ = {isa = PBXBuildFile; fileRef = A2DA03F1230C0B0C00491721 /* SAChangePwd.storyboard */; };
		A2DA03F9230CD89D00491721 /* HGMinePersonalInfoViewController.m in Sources */ = {isa = PBXBuildFile; fileRef = A2DA03F8230CD89D00491721 /* HGMinePersonalInfoViewController.m */; };
		A2DA03FB230CD8B300491721 /* HGMinePersonalInfo.storyboard in Resources */ = {isa = PBXBuildFile; fileRef = A2DA03FA230CD8B300491721 /* HGMinePersonalInfo.storyboard */; };
		A2DA03FE230CF2AA00491721 /* CustomizeEmptyView.m in Sources */ = {isa = PBXBuildFile; fileRef = A2DA03FD230CF2AA00491721 /* CustomizeEmptyView.m */; };
		A2DA0401230CF36700491721 /* HGMineAddressTableViewController.m in Sources */ = {isa = PBXBuildFile; fileRef = A2DA0400230CF36700491721 /* HGMineAddressTableViewController.m */; };
		A2DA0405230CF5FF00491721 /* UIBarButtonItem+CustomBarButtonItem.m in Sources */ = {isa = PBXBuildFile; fileRef = A2DA0404230CF5FF00491721 /* UIBarButtonItem+CustomBarButtonItem.m */; };
		A2DA040C230D138200491721 /* HGMineEditAddressTableViewController.m in Sources */ = {isa = PBXBuildFile; fileRef = A2DA040A230D138200491721 /* HGMineEditAddressTableViewController.m */; };
		A2DA040F230D149800491721 /* HGMineEditAddress.storyboard in Resources */ = {isa = PBXBuildFile; fileRef = A2DA040E230D149800491721 /* HGMineEditAddress.storyboard */; };
		A2DA0412230D1BC700491721 /* HGAddressModel.m in Sources */ = {isa = PBXBuildFile; fileRef = A2DA0411230D1BC700491721 /* HGAddressModel.m */; };
		A2DA0419230D2A3A00491721 /* MBProgressHUD.m in Sources */ = {isa = PBXBuildFile; fileRef = A2DA0415230D2A3A00491721 /* MBProgressHUD.m */; };
		A2DA041A230D2A3A00491721 /* MBProgressHUD+XMG.m in Sources */ = {isa = PBXBuildFile; fileRef = A2DA0416230D2A3A00491721 /* MBProgressHUD+XMG.m */; };
		A2DA041B230D2A3A00491721 /* MBProgressHUD.bundle in Resources */ = {isa = PBXBuildFile; fileRef = A2DA0418230D2A3A00491721 /* MBProgressHUD.bundle */; };
		A2DA041E230D319400491721 /* JHUserDefaults.m in Sources */ = {isa = PBXBuildFile; fileRef = A2DA041C230D319400491721 /* JHUserDefaults.m */; };
		A2DA0421230D33E900491721 /* UIViewController+Uitils.m in Sources */ = {isa = PBXBuildFile; fileRef = A2DA0420230D33E900491721 /* UIViewController+Uitils.m */; };
		A2DA0425230D366F00491721 /* AddressTableViewCell.m in Sources */ = {isa = PBXBuildFile; fileRef = A2DA0423230D366F00491721 /* AddressTableViewCell.m */; };
		A2DA0426230D366F00491721 /* AddressTableViewCell.xib in Resources */ = {isa = PBXBuildFile; fileRef = A2DA0424230D366F00491721 /* AddressTableViewCell.xib */; };
		A2DA0429230D4B6700491721 /* HGAccountModel.m in Sources */ = {isa = PBXBuildFile; fileRef = A2DA0428230D4B6700491721 /* HGAccountModel.m */; };
		A2DA042D230D4F9A00491721 /* HGLoginRegisterViewController.m in Sources */ = {isa = PBXBuildFile; fileRef = A2DA042C230D4F9A00491721 /* HGLoginRegisterViewController.m */; };
		A2DA042F230D4FAF00491721 /* HGLoginRegister.storyboard in Resources */ = {isa = PBXBuildFile; fileRef = A2DA042E230D4FAF00491721 /* HGLoginRegister.storyboard */; };
		A2DA04322310ECCB00491721 /* FXCustomizeButton.m in Sources */ = {isa = PBXBuildFile; fileRef = A2DA04312310ECCB00491721 /* FXCustomizeButton.m */; };
		A2DA043523110E5400491721 /* UIButton+HGCustomButton.m in Sources */ = {isa = PBXBuildFile; fileRef = A2DA043423110E5400491721 /* UIButton+HGCustomButton.m */; };
		A2DA04392311234C00491721 /* HGMainTableViewCell.m in Sources */ = {isa = PBXBuildFile; fileRef = A2DA04372311234C00491721 /* HGMainTableViewCell.m */; };
		A2DA043A2311234C00491721 /* HGMainTableViewCell.xib in Resources */ = {isa = PBXBuildFile; fileRef = A2DA04382311234C00491721 /* HGMainTableViewCell.xib */; };
/* End PBXBuildFile section */

/* Begin PBXFileReference section */
		19A0E092F9C20DEDCC909AB7 /* libPods-HuangGuan.a */ = {isa = PBXFileReference; explicitFileType = archive.ar; includeInIndex = 0; path = "libPods-HuangGuan.a"; sourceTree = BUILT_PRODUCTS_DIR; };
		5935E396E0B40CA6BF87D49A /* Pods-HuangGuan.debug.xcconfig */ = {isa = PBXFileReference; includeInIndex = 1; lastKnownFileType = text.xcconfig; name = "Pods-HuangGuan.debug.xcconfig"; path = "Target Support Files/Pods-HuangGuan/Pods-HuangGuan.debug.xcconfig"; sourceTree = "<group>"; };
		99AA282045AB15149CFEBBA0 /* Pods-HuangGuan.release.xcconfig */ = {isa = PBXFileReference; includeInIndex = 1; lastKnownFileType = text.xcconfig; name = "Pods-HuangGuan.release.xcconfig"; path = "Target Support Files/Pods-HuangGuan/Pods-HuangGuan.release.xcconfig"; sourceTree = "<group>"; };
		A2A1E5772311332B00AB85CA /* HGItemListTableViewController.h */ = {isa = PBXFileReference; lastKnownFileType = sourcecode.c.h; path = HGItemListTableViewController.h; sourceTree = "<group>"; };
		A2A1E5782311332B00AB85CA /* HGItemListTableViewController.m */ = {isa = PBXFileReference; lastKnownFileType = sourcecode.c.objc; path = HGItemListTableViewController.m; sourceTree = "<group>"; };
		A2A1E57A2311343B00AB85CA /* Item.plist */ = {isa = PBXFileReference; lastKnownFileType = text.plist.xml; path = Item.plist; sourceTree = "<group>"; };
		A2A1E57C23113E2700AB85CA /* HGItemModel.h */ = {isa = PBXFileReference; lastKnownFileType = sourcecode.c.h; path = HGItemModel.h; sourceTree = "<group>"; };
		A2A1E57D23113E2700AB85CA /* HGItemModel.m */ = {isa = PBXFileReference; lastKnownFileType = sourcecode.c.objc; path = HGItemModel.m; sourceTree = "<group>"; };
		A2A1E57F231141DA00AB85CA /* HGItemCell.h */ = {isa = PBXFileReference; lastKnownFileType = sourcecode.c.h; path = HGItemCell.h; sourceTree = "<group>"; };
		A2A1E580231141DA00AB85CA /* HGItemCell.m */ = {isa = PBXFileReference; lastKnownFileType = sourcecode.c.objc; path = HGItemCell.m; sourceTree = "<group>"; };
		A2A1E581231141DA00AB85CA /* HGItemCell.xib */ = {isa = PBXFileReference; lastKnownFileType = file.xib; path = HGItemCell.xib; sourceTree = "<group>"; };
		A2A1E58723114AF300AB85CA /* HGItemDetailsTableViewController.h */ = {isa = PBXFileReference; lastKnownFileType = sourcecode.c.h; path = HGItemDetailsTableViewController.h; sourceTree = "<group>"; };
		A2A1E58823114AF300AB85CA /* HGItemDetailsTableViewController.m */ = {isa = PBXFileReference; lastKnownFileType = sourcecode.c.objc; path = HGItemDetailsTableViewController.m; sourceTree = "<group>"; };
		A2A1E58C23114FAE00AB85CA /* HGDeitalFirstCell.h */ = {isa = PBXFileReference; lastKnownFileType = sourcecode.c.h; path = HGDeitalFirstCell.h; sourceTree = "<group>"; };
		A2A1E58D23114FAE00AB85CA /* HGDeitalFirstCell.m */ = {isa = PBXFileReference; lastKnownFileType = sourcecode.c.objc; path = HGDeitalFirstCell.m; sourceTree = "<group>"; };
		A2A1E58E23114FAE00AB85CA /* HGDeitalFirstCell.xib */ = {isa = PBXFileReference; lastKnownFileType = file.xib; path = HGDeitalFirstCell.xib; sourceTree = "<group>"; };
		A2A1E5912311509300AB85CA /* HGDetailSecondCell.h */ = {isa = PBXFileReference; lastKnownFileType = sourcecode.c.h; path = HGDetailSecondCell.h; sourceTree = "<group>"; };
		A2A1E5922311509300AB85CA /* HGDetailSecondCell.m */ = {isa = PBXFileReference; lastKnownFileType = sourcecode.c.objc; path = HGDetailSecondCell.m; sourceTree = "<group>"; };
		A2A1E5932311509300AB85CA /* HGDetailSecondCell.xib */ = {isa = PBXFileReference; lastKnownFileType = file.xib; path = HGDetailSecondCell.xib; sourceTree = "<group>"; };
		A2A1E59623122D6400AB85CA /* HGDetailSecondSecondCell.h */ = {isa = PBXFileReference; lastKnownFileType = sourcecode.c.h; path = HGDetailSecondSecondCell.h; sourceTree = "<group>"; };
		A2A1E59723122D6400AB85CA /* HGDetailSecondSecondCell.m */ = {isa = PBXFileReference; lastKnownFileType = sourcecode.c.objc; path = HGDetailSecondSecondCell.m; sourceTree = "<group>"; };
		A2A1E59823122D6400AB85CA /* HGDetailSecondSecondCell.xib */ = {isa = PBXFileReference; lastKnownFileType = file.xib; path = HGDetailSecondSecondCell.xib; sourceTree = "<group>"; };
		A2A1E59B23122DE700AB85CA /* HGDetailThirdCell.h */ = {isa = PBXFileReference; lastKnownFileType = sourcecode.c.h; path = HGDetailThirdCell.h; sourceTree = "<group>"; };
		A2A1E59C23122DE700AB85CA /* HGDetailThirdCell.m */ = {isa = PBXFileReference; lastKnownFileType = sourcecode.c.objc; path = HGDetailThirdCell.m; sourceTree = "<group>"; };
		A2A1E59D23122DE700AB85CA /* HGDetailThirdCell.xib */ = {isa = PBXFileReference; lastKnownFileType = file.xib; path = HGDetailThirdCell.xib; sourceTree = "<group>"; };
		A2A1E5A02312418100AB85CA /* HGShopCarModel.h */ = {isa = PBXFileReference; lastKnownFileType = sourcecode.c.h; path = HGShopCarModel.h; sourceTree = "<group>"; };
		A2A1E5A12312418100AB85CA /* HGShopCarModel.m */ = {isa = PBXFileReference; lastKnownFileType = sourcecode.c.objc; path = HGShopCarModel.m; sourceTree = "<group>"; };
		A2A1E5A42312424300AB85CA /* CollectDataTool.m */ = {isa = PBXFileReference; fileEncoding = 4; lastKnownFileType = sourcecode.c.objc; path = CollectDataTool.m; sourceTree = "<group>"; };
		A2A1E5A52312424300AB85CA /* ShopCarDataTool.h */ = {isa = PBXFileReference; fileEncoding = 4; lastKnownFileType = sourcecode.c.h; path = ShopCarDataTool.h; sourceTree = "<group>"; };
		A2A1E5A62312424300AB85CA /* ShopCarDataTool.m */ = {isa = PBXFileReference; fileEncoding = 4; lastKnownFileType = sourcecode.c.objc; path = ShopCarDataTool.m; sourceTree = "<group>"; };
		A2A1E5A72312424300AB85CA /* CollectDataTool.h */ = {isa = PBXFileReference; fileEncoding = 4; lastKnownFileType = sourcecode.c.h; path = CollectDataTool.h; sourceTree = "<group>"; };
		A2A1E5AB231248EC00AB85CA /* Order.m */ = {isa = PBXFileReference; fileEncoding = 4; lastKnownFileType = sourcecode.c.objc; path = Order.m; sourceTree = "<group>"; };
		A2A1E5AC231248EC00AB85CA /* Order.h */ = {isa = PBXFileReference; fileEncoding = 4; lastKnownFileType = sourcecode.c.h; path = Order.h; sourceTree = "<group>"; };
		A2A1E5AE23125F4C00AB85CA /* HGShoppingCartViewController.h */ = {isa = PBXFileReference; lastKnownFileType = sourcecode.c.h; path = HGShoppingCartViewController.h; sourceTree = "<group>"; };
		A2A1E5AF23125F4C00AB85CA /* HGShoppingCartViewController.m */ = {isa = PBXFileReference; lastKnownFileType = sourcecode.c.objc; path = HGShoppingCartViewController.m; sourceTree = "<group>"; };
		A2A1E5B023125F4C00AB85CA /* HGShoppingCartViewController.xib */ = {isa = PBXFileReference; lastKnownFileType = file.xib; path = HGShoppingCartViewController.xib; sourceTree = "<group>"; };
		A2A1E5B32312674B00AB85CA /* HGShopCartCell.h */ = {isa = PBXFileReference; lastKnownFileType = sourcecode.c.h; path = HGShopCartCell.h; sourceTree = "<group>"; };
		A2A1E5B42312674B00AB85CA /* HGShopCartCell.m */ = {isa = PBXFileReference; lastKnownFileType = sourcecode.c.objc; path = HGShopCartCell.m; sourceTree = "<group>"; };
		A2A1E5B52312674B00AB85CA /* HGShopCartCell.xib */ = {isa = PBXFileReference; lastKnownFileType = file.xib; path = HGShopCartCell.xib; sourceTree = "<group>"; };
		A2A1E5B823128DDB00AB85CA /* HGConfirmOrderViewController.h */ = {isa = PBXFileReference; lastKnownFileType = sourcecode.c.h; path = HGConfirmOrderViewController.h; sourceTree = "<group>"; };
		A2A1E5B923128DDB00AB85CA /* HGConfirmOrderViewController.m */ = {isa = PBXFileReference; lastKnownFileType = sourcecode.c.objc; path = HGConfirmOrderViewController.m; sourceTree = "<group>"; };
		A2A1E5BA23128DDB00AB85CA /* HGConfirmOrderViewController.xib */ = {isa = PBXFileReference; lastKnownFileType = file.xib; path = HGConfirmOrderViewController.xib; sourceTree = "<group>"; };
		A2BE2C48231297D300A770A0 /* HGConfirmOrderFirstCell.h */ = {isa = PBXFileReference; lastKnownFileType = sourcecode.c.h; path = HGConfirmOrderFirstCell.h; sourceTree = "<group>"; };
		A2BE2C49231297D300A770A0 /* HGConfirmOrderFirstCell.m */ = {isa = PBXFileReference; lastKnownFileType = sourcecode.c.objc; path = HGConfirmOrderFirstCell.m; sourceTree = "<group>"; };
		A2BE2C4A231297D300A770A0 /* HGConfirmOrderFirstCell.xib */ = {isa = PBXFileReference; lastKnownFileType = file.xib; path = HGConfirmOrderFirstCell.xib; sourceTree = "<group>"; };
		A2BE2C4D231297E800A770A0 /* HGConfirmOrderSecondCell.h */ = {isa = PBXFileReference; lastKnownFileType = sourcecode.c.h; path = HGConfirmOrderSecondCell.h; sourceTree = "<group>"; };
		A2BE2C4E231297E800A770A0 /* HGConfirmOrderSecondCell.m */ = {isa = PBXFileReference; lastKnownFileType = sourcecode.c.objc; path = HGConfirmOrderSecondCell.m; sourceTree = "<group>"; };
		A2BE2C4F231297E800A770A0 /* HGConfirmOrderSecondCell.xib */ = {isa = PBXFileReference; lastKnownFileType = file.xib; path = HGConfirmOrderSecondCell.xib; sourceTree = "<group>"; };
		A2BE2C552312981900A770A0 /* HGConfirmOrderThirdOneCell.h */ = {isa = PBXFileReference; lastKnownFileType = sourcecode.c.h; path = HGConfirmOrderThirdOneCell.h; sourceTree = "<group>"; };
		A2BE2C562312981900A770A0 /* HGConfirmOrderThirdOneCell.m */ = {isa = PBXFileReference; lastKnownFileType = sourcecode.c.objc; path = HGConfirmOrderThirdOneCell.m; sourceTree = "<group>"; };
		A2BE2C572312981900A770A0 /* HGConfirmOrderThirdOneCell.xib */ = {isa = PBXFileReference; lastKnownFileType = file.xib; path = HGConfirmOrderThirdOneCell.xib; sourceTree = "<group>"; };
		A2BE2C5A2312982900A770A0 /* HGConfirmOrderThirdTwoCell.h */ = {isa = PBXFileReference; lastKnownFileType = sourcecode.c.h; path = HGConfirmOrderThirdTwoCell.h; sourceTree = "<group>"; };
		A2BE2C5B2312982900A770A0 /* HGConfirmOrderThirdTwoCell.m */ = {isa = PBXFileReference; lastKnownFileType = sourcecode.c.objc; path = HGConfirmOrderThirdTwoCell.m; sourceTree = "<group>"; };
		A2BE2C5C2312982900A770A0 /* HGConfirmOrderThirdTwoCell.xib */ = {isa = PBXFileReference; lastKnownFileType = file.xib; path = HGConfirmOrderThirdTwoCell.xib; sourceTree = "<group>"; };
		A2BE2C5F2312983C00A770A0 /* HGConfirmOrderThirdThreeCell.h */ = {isa = PBXFileReference; lastKnownFileType = sourcecode.c.h; path = HGConfirmOrderThirdThreeCell.h; sourceTree = "<group>"; };
		A2BE2C602312983C00A770A0 /* HGConfirmOrderThirdThreeCell.m */ = {isa = PBXFileReference; lastKnownFileType = sourcecode.c.objc; path = HGConfirmOrderThirdThreeCell.m; sourceTree = "<group>"; };
		A2BE2C612312983C00A770A0 /* HGConfirmOrderThirdThreeCell.xib */ = {isa = PBXFileReference; lastKnownFileType = file.xib; path = HGConfirmOrderThirdThreeCell.xib; sourceTree = "<group>"; };
		A2BE2C642312985200A770A0 /* HGConfirmOrderFourthCell.h */ = {isa = PBXFileReference; lastKnownFileType = sourcecode.c.h; path = HGConfirmOrderFourthCell.h; sourceTree = "<group>"; };
		A2BE2C652312985200A770A0 /* HGConfirmOrderFourthCell.m */ = {isa = PBXFileReference; lastKnownFileType = sourcecode.c.objc; path = HGConfirmOrderFourthCell.m; sourceTree = "<group>"; };
		A2BE2C662312985200A770A0 /* HGConfirmOrderFourthCell.xib */ = {isa = PBXFileReference; lastKnownFileType = file.xib; path = HGConfirmOrderFourthCell.xib; sourceTree = "<group>"; };
		A2BE2C692312AAA700A770A0 /* OrderDetailTableViewController.h */ = {isa = PBXFileReference; lastKnownFileType = sourcecode.c.h; path = OrderDetailTableViewController.h; sourceTree = "<group>"; };
		A2BE2C6A2312AAA700A770A0 /* OrderDetailTableViewController.m */ = {isa = PBXFileReference; lastKnownFileType = sourcecode.c.objc; path = OrderDetailTableViewController.m; sourceTree = "<group>"; };
		A2BE2C6C2312AAC900A770A0 /* HGOrderDetailFirstOneCell.h */ = {isa = PBXFileReference; lastKnownFileType = sourcecode.c.h; path = HGOrderDetailFirstOneCell.h; sourceTree = "<group>"; };
		A2BE2C6D2312AAC900A770A0 /* HGOrderDetailFirstOneCell.m */ = {isa = PBXFileReference; lastKnownFileType = sourcecode.c.objc; path = HGOrderDetailFirstOneCell.m; sourceTree = "<group>"; };
		A2BE2C6E2312AAC900A770A0 /* HGOrderDetailFirstOneCell.xib */ = {isa = PBXFileReference; lastKnownFileType = file.xib; path = HGOrderDetailFirstOneCell.xib; sourceTree = "<group>"; };
		A2BE2C712312AB4500A770A0 /* HGOrderDetailFirstTwoCell.h */ = {isa = PBXFileReference; lastKnownFileType = sourcecode.c.h; path = HGOrderDetailFirstTwoCell.h; sourceTree = "<group>"; };
		A2BE2C722312AB4500A770A0 /* HGOrderDetailFirstTwoCell.m */ = {isa = PBXFileReference; lastKnownFileType = sourcecode.c.objc; path = HGOrderDetailFirstTwoCell.m; sourceTree = "<group>"; };
		A2BE2C732312AB4500A770A0 /* HGOrderDetailFirstTwoCell.xib */ = {isa = PBXFileReference; lastKnownFileType = file.xib; path = HGOrderDetailFirstTwoCell.xib; sourceTree = "<group>"; };
		A2BE2C762312AC1B00A770A0 /* HGOrderDetailSecondCell.h */ = {isa = PBXFileReference; lastKnownFileType = sourcecode.c.h; path = HGOrderDetailSecondCell.h; sourceTree = "<group>"; };
		A2BE2C772312AC1B00A770A0 /* HGOrderDetailSecondCell.m */ = {isa = PBXFileReference; lastKnownFileType = sourcecode.c.objc; path = HGOrderDetailSecondCell.m; sourceTree = "<group>"; };
		A2BE2C782312AC1B00A770A0 /* HGOrderDetailSecondCell.xib */ = {isa = PBXFileReference; lastKnownFileType = file.xib; path = HGOrderDetailSecondCell.xib; sourceTree = "<group>"; };
		A2BE2C7B2312ADC800A770A0 /* HGOrderDetailFinalCell.h */ = {isa = PBXFileReference; lastKnownFileType = sourcecode.c.h; path = HGOrderDetailFinalCell.h; sourceTree = "<group>"; };
		A2BE2C7C2312ADC800A770A0 /* HGOrderDetailFinalCell.m */ = {isa = PBXFileReference; lastKnownFileType = sourcecode.c.objc; path = HGOrderDetailFinalCell.m; sourceTree = "<group>"; };
		A2BE2C7D2312ADC800A770A0 /* HGOrderDetailFinalCell.xib */ = {isa = PBXFileReference; lastKnownFileType = file.xib; path = HGOrderDetailFinalCell.xib; sourceTree = "<group>"; };
		A2BE2C8023137D7500A770A0 /* HGOrderDetailThridCell.h */ = {isa = PBXFileReference; lastKnownFileType = sourcecode.c.h; path = HGOrderDetailThridCell.h; sourceTree = "<group>"; };
		A2BE2C8123137D7500A770A0 /* HGOrderDetailThridCell.m */ = {isa = PBXFileReference; lastKnownFileType = sourcecode.c.objc; path = HGOrderDetailThridCell.m; sourceTree = "<group>"; };
		A2BE2C8223137D7500A770A0 /* HGOrderDetailThridCell.xib */ = {isa = PBXFileReference; lastKnownFileType = file.xib; path = HGOrderDetailThridCell.xib; sourceTree = "<group>"; };
		A2BE2C8523137F0B00A770A0 /* HGOrderDetailFourthCell.h */ = {isa = PBXFileReference; lastKnownFileType = sourcecode.c.h; path = HGOrderDetailFourthCell.h; sourceTree = "<group>"; };
		A2BE2C8623137F0B00A770A0 /* HGOrderDetailFourthCell.m */ = {isa = PBXFileReference; lastKnownFileType = sourcecode.c.objc; path = HGOrderDetailFourthCell.m; sourceTree = "<group>"; };
		A2BE2C8723137F0B00A770A0 /* HGOrderDetailFourthCell.xib */ = {isa = PBXFileReference; lastKnownFileType = file.xib; path = HGOrderDetailFourthCell.xib; sourceTree = "<group>"; };
		A2BE2C8A23138ACC00A770A0 /* HGOrderDetailFifthCell.h */ = {isa = PBXFileReference; lastKnownFileType = sourcecode.c.h; path = HGOrderDetailFifthCell.h; sourceTree = "<group>"; };
		A2BE2C8B23138ACC00A770A0 /* HGOrderDetailFifthCell.m */ = {isa = PBXFileReference; lastKnownFileType = sourcecode.c.objc; path = HGOrderDetailFifthCell.m; sourceTree = "<group>"; };
		A2BE2C8C23138ACC00A770A0 /* HGOrderDetailFifthCell.xib */ = {isa = PBXFileReference; lastKnownFileType = file.xib; path = HGOrderDetailFifthCell.xib; sourceTree = "<group>"; };
		A2BE2C902313AB3300A770A0 /* OrderListTableViewController.h */ = {isa = PBXFileReference; fileEncoding = 4; lastKnownFileType = sourcecode.c.h; path = OrderListTableViewController.h; sourceTree = "<group>"; };
		A2BE2C912313AB3300A770A0 /* OrderListTableViewController.m */ = {isa = PBXFileReference; fileEncoding = 4; lastKnownFileType = sourcecode.c.objc; path = OrderListTableViewController.m; sourceTree = "<group>"; };
		A2BE2C932313AB3300A770A0 /* OrderListTableViewCell.h */ = {isa = PBXFileReference; fileEncoding = 4; lastKnownFileType = sourcecode.c.h; path = OrderListTableViewCell.h; sourceTree = "<group>"; };
		A2BE2C942313AB3300A770A0 /* OrderListTableViewCell.xib */ = {isa = PBXFileReference; fileEncoding = 4; lastKnownFileType = file.xib; path = OrderListTableViewCell.xib; sourceTree = "<group>"; };
		A2BE2C952313AB3300A770A0 /* OrderListTableViewCell.m */ = {isa = PBXFileReference; fileEncoding = 4; lastKnownFileType = sourcecode.c.objc; path = OrderListTableViewCell.m; sourceTree = "<group>"; };
		A2BE2C992313ABC200A770A0 /* OrderCollectionViewCell.h */ = {isa = PBXFileReference; fileEncoding = 4; lastKnownFileType = sourcecode.c.h; path = OrderCollectionViewCell.h; sourceTree = "<group>"; };
		A2BE2C9A2313ABC200A770A0 /* OrderCollectionViewCell.m */ = {isa = PBXFileReference; fileEncoding = 4; lastKnownFileType = sourcecode.c.objc; path = OrderCollectionViewCell.m; sourceTree = "<group>"; };
		A2BE2C9B2313ABC200A770A0 /* OrderCollectionViewCell.xib */ = {isa = PBXFileReference; fileEncoding = 4; lastKnownFileType = file.xib; path = OrderCollectionViewCell.xib; sourceTree = "<group>"; };
		A2BE2C9E2313C12E00A770A0 /* UITextView+YLTextView.h */ = {isa = PBXFileReference; fileEncoding = 4; lastKnownFileType = sourcecode.c.h; path = "UITextView+YLTextView.h"; sourceTree = "<group>"; };
		A2BE2C9F2313C12E00A770A0 /* UITextView+YLTextView.m */ = {isa = PBXFileReference; fileEncoding = 4; lastKnownFileType = sourcecode.c.objc; path = "UITextView+YLTextView.m"; sourceTree = "<group>"; };
		A2DA0399230B8EB300491721 /* HuangGuan.app */ = {isa = PBXFileReference; explicitFileType = wrapper.application; includeInIndex = 0; path = HuangGuan.app; sourceTree = BUILT_PRODUCTS_DIR; };
		A2DA039C230B8EB300491721 /* AppDelegate.h */ = {isa = PBXFileReference; lastKnownFileType = sourcecode.c.h; path = AppDelegate.h; sourceTree = "<group>"; };
		A2DA039D230B8EB300491721 /* AppDelegate.m */ = {isa = PBXFileReference; lastKnownFileType = sourcecode.c.objc; path = AppDelegate.m; sourceTree = "<group>"; };
		A2DA039F230B8EB300491721 /* ViewController.h */ = {isa = PBXFileReference; lastKnownFileType = sourcecode.c.h; path = ViewController.h; sourceTree = "<group>"; };
		A2DA03A0230B8EB300491721 /* ViewController.m */ = {isa = PBXFileReference; lastKnownFileType = sourcecode.c.objc; path = ViewController.m; sourceTree = "<group>"; };
		A2DA03A3230B8EB300491721 /* Base */ = {isa = PBXFileReference; lastKnownFileType = file.storyboard; name = Base; path = Base.lproj/Main.storyboard; sourceTree = "<group>"; };
		A2DA03A5230B8EB500491721 /* Assets.xcassets */ = {isa = PBXFileReference; lastKnownFileType = folder.assetcatalog; path = Assets.xcassets; sourceTree = "<group>"; };
		A2DA03A8230B8EB500491721 /* Base */ = {isa = PBXFileReference; lastKnownFileType = file.storyboard; name = Base; path = Base.lproj/LaunchScreen.storyboard; sourceTree = "<group>"; };
		A2DA03AA230B8EB600491721 /* Info.plist */ = {isa = PBXFileReference; lastKnownFileType = text.plist.xml; path = Info.plist; sourceTree = "<group>"; };
		A2DA03AB230B8EB600491721 /* main.m */ = {isa = PBXFileReference; lastKnownFileType = sourcecode.c.objc; path = main.m; sourceTree = "<group>"; };
		A2DA03BB230B97C900491721 /* HGNavigationController.h */ = {isa = PBXFileReference; lastKnownFileType = sourcecode.c.h; path = HGNavigationController.h; sourceTree = "<group>"; };
		A2DA03BC230B97C900491721 /* HGNavigationController.m */ = {isa = PBXFileReference; lastKnownFileType = sourcecode.c.objc; path = HGNavigationController.m; sourceTree = "<group>"; };
		A2DA03BE230B97E300491721 /* HGTabBarController.h */ = {isa = PBXFileReference; lastKnownFileType = sourcecode.c.h; path = HGTabBarController.h; sourceTree = "<group>"; };
		A2DA03BF230B97E300491721 /* HGTabBarController.m */ = {isa = PBXFileReference; lastKnownFileType = sourcecode.c.objc; path = HGTabBarController.m; sourceTree = "<group>"; };
		A2DA03C7230B9C7900491721 /* PrefixHeader.pch */ = {isa = PBXFileReference; lastKnownFileType = sourcecode.c.h; path = PrefixHeader.pch; sourceTree = "<group>"; };
		A2DA03C8230B9FDB00491721 /* HGBaseViewController.h */ = {isa = PBXFileReference; lastKnownFileType = sourcecode.c.h; path = HGBaseViewController.h; sourceTree = "<group>"; };
		A2DA03C9230B9FDB00491721 /* HGBaseViewController.m */ = {isa = PBXFileReference; lastKnownFileType = sourcecode.c.objc; path = HGBaseViewController.m; sourceTree = "<group>"; };
		A2DA03CB230BA01900491721 /* HGConst.h */ = {isa = PBXFileReference; lastKnownFileType = sourcecode.c.h; path = HGConst.h; sourceTree = "<group>"; };
		A2DA03CC230BA1F700491721 /* HGMineViewController.h */ = {isa = PBXFileReference; lastKnownFileType = sourcecode.c.h; path = HGMineViewController.h; sourceTree = "<group>"; };
		A2DA03CD230BA1F700491721 /* HGMineViewController.m */ = {isa = PBXFileReference; lastKnownFileType = sourcecode.c.objc; path = HGMineViewController.m; sourceTree = "<group>"; };
		A2DA03D5230BA21500491721 /* HGMainViewController.h */ = {isa = PBXFileReference; lastKnownFileType = sourcecode.c.h; path = HGMainViewController.h; sourceTree = "<group>"; };
		A2DA03D6230BA21500491721 /* HGMainViewController.m */ = {isa = PBXFileReference; lastKnownFileType = sourcecode.c.objc; path = HGMainViewController.m; sourceTree = "<group>"; };
		A2DA03D8230BCD4500491721 /* UIImage+GradientColor.h */ = {isa = PBXFileReference; fileEncoding = 4; lastKnownFileType = sourcecode.c.h; path = "UIImage+GradientColor.h"; sourceTree = "<group>"; };
		A2DA03D9230BCD4500491721 /* UIImage+GradientColor.m */ = {isa = PBXFileReference; fileEncoding = 4; lastKnownFileType = sourcecode.c.objc; path = "UIImage+GradientColor.m"; sourceTree = "<group>"; };
		A2DA03DB230BE9EA00491721 /* HGMineCell.h */ = {isa = PBXFileReference; lastKnownFileType = sourcecode.c.h; path = HGMineCell.h; sourceTree = "<group>"; };
		A2DA03DC230BE9EA00491721 /* HGMineCell.m */ = {isa = PBXFileReference; lastKnownFileType = sourcecode.c.objc; path = HGMineCell.m; sourceTree = "<group>"; };
		A2DA03DE230BF1E400491721 /* MineCell.plist */ = {isa = PBXFileReference; lastKnownFileType = text.plist.xml; path = MineCell.plist; sourceTree = "<group>"; };
		A2DA03E0230BF33F00491721 /* HGMineCellModel.h */ = {isa = PBXFileReference; lastKnownFileType = sourcecode.c.h; path = HGMineCellModel.h; sourceTree = "<group>"; };
		A2DA03E1230BF33F00491721 /* HGMineCellModel.m */ = {isa = PBXFileReference; lastKnownFileType = sourcecode.c.objc; path = HGMineCellModel.m; sourceTree = "<group>"; };
		A2DA03E3230BF77A00491721 /* HGFeedBackViewController.h */ = {isa = PBXFileReference; lastKnownFileType = sourcecode.c.h; path = HGFeedBackViewController.h; sourceTree = "<group>"; };
		A2DA03E4230BF77A00491721 /* HGFeedBackViewController.m */ = {isa = PBXFileReference; lastKnownFileType = sourcecode.c.objc; path = HGFeedBackViewController.m; sourceTree = "<group>"; };
		A2DA03E6230BFDAE00491721 /* HGSettingViewController.h */ = {isa = PBXFileReference; lastKnownFileType = sourcecode.c.h; path = HGSettingViewController.h; sourceTree = "<group>"; };
		A2DA03E7230BFDAE00491721 /* HGSettingViewController.m */ = {isa = PBXFileReference; lastKnownFileType = sourcecode.c.objc; path = HGSettingViewController.m; sourceTree = "<group>"; };
		A2DA03E9230BFEC400491721 /* HGMineSettingCell.h */ = {isa = PBXFileReference; lastKnownFileType = sourcecode.c.h; path = HGMineSettingCell.h; sourceTree = "<group>"; };
		A2DA03EA230BFEC400491721 /* HGMineSettingCell.m */ = {isa = PBXFileReference; lastKnownFileType = sourcecode.c.objc; path = HGMineSettingCell.m; sourceTree = "<group>"; };
		A2DA03EF230C0B0C00491721 /* SAChangePwdViewController.h */ = {isa = PBXFileReference; fileEncoding = 4; lastKnownFileType = sourcecode.c.h; path = SAChangePwdViewController.h; sourceTree = "<group>"; };
		A2DA03F0230C0B0C00491721 /* SAChangePwdViewController.m */ = {isa = PBXFileReference; fileEncoding = 4; lastKnownFileType = sourcecode.c.objc; path = SAChangePwdViewController.m; sourceTree = "<group>"; };
		A2DA03F1230C0B0C00491721 /* SAChangePwd.storyboard */ = {isa = PBXFileReference; fileEncoding = 4; lastKnownFileType = file.storyboard; path = SAChangePwd.storyboard; sourceTree = "<group>"; };
		A2DA03F7230CD89D00491721 /* HGMinePersonalInfoViewController.h */ = {isa = PBXFileReference; lastKnownFileType = sourcecode.c.h; path = HGMinePersonalInfoViewController.h; sourceTree = "<group>"; };
		A2DA03F8230CD89D00491721 /* HGMinePersonalInfoViewController.m */ = {isa = PBXFileReference; lastKnownFileType = sourcecode.c.objc; path = HGMinePersonalInfoViewController.m; sourceTree = "<group>"; };
		A2DA03FA230CD8B300491721 /* HGMinePersonalInfo.storyboard */ = {isa = PBXFileReference; lastKnownFileType = file.storyboard; path = HGMinePersonalInfo.storyboard; sourceTree = "<group>"; };
		A2DA03FC230CF2AA00491721 /* CustomizeEmptyView.h */ = {isa = PBXFileReference; fileEncoding = 4; lastKnownFileType = sourcecode.c.h; path = CustomizeEmptyView.h; sourceTree = "<group>"; };
		A2DA03FD230CF2AA00491721 /* CustomizeEmptyView.m */ = {isa = PBXFileReference; fileEncoding = 4; lastKnownFileType = sourcecode.c.objc; path = CustomizeEmptyView.m; sourceTree = "<group>"; };
		A2DA03FF230CF36700491721 /* HGMineAddressTableViewController.h */ = {isa = PBXFileReference; lastKnownFileType = sourcecode.c.h; path = HGMineAddressTableViewController.h; sourceTree = "<group>"; };
		A2DA0400230CF36700491721 /* HGMineAddressTableViewController.m */ = {isa = PBXFileReference; lastKnownFileType = sourcecode.c.objc; path = HGMineAddressTableViewController.m; sourceTree = "<group>"; };
		A2DA0403230CF5FF00491721 /* UIBarButtonItem+CustomBarButtonItem.h */ = {isa = PBXFileReference; lastKnownFileType = sourcecode.c.h; path = "UIBarButtonItem+CustomBarButtonItem.h"; sourceTree = "<group>"; };
		A2DA0404230CF5FF00491721 /* UIBarButtonItem+CustomBarButtonItem.m */ = {isa = PBXFileReference; lastKnownFileType = sourcecode.c.objc; path = "UIBarButtonItem+CustomBarButtonItem.m"; sourceTree = "<group>"; };
		A2DA0409230D138200491721 /* HGMineEditAddressTableViewController.h */ = {isa = PBXFileReference; lastKnownFileType = sourcecode.c.h; path = HGMineEditAddressTableViewController.h; sourceTree = "<group>"; };
		A2DA040A230D138200491721 /* HGMineEditAddressTableViewController.m */ = {isa = PBXFileReference; lastKnownFileType = sourcecode.c.objc; path = HGMineEditAddressTableViewController.m; sourceTree = "<group>"; };
		A2DA040E230D149800491721 /* HGMineEditAddress.storyboard */ = {isa = PBXFileReference; lastKnownFileType = file.storyboard; path = HGMineEditAddress.storyboard; sourceTree = "<group>"; };
		A2DA0410230D1BC700491721 /* HGAddressModel.h */ = {isa = PBXFileReference; lastKnownFileType = sourcecode.c.h; path = HGAddressModel.h; sourceTree = "<group>"; };
		A2DA0411230D1BC700491721 /* HGAddressModel.m */ = {isa = PBXFileReference; lastKnownFileType = sourcecode.c.objc; path = HGAddressModel.m; sourceTree = "<group>"; };
		A2DA0414230D2A3A00491721 /* MBProgressHUD.h */ = {isa = PBXFileReference; fileEncoding = 4; lastKnownFileType = sourcecode.c.h; path = MBProgressHUD.h; sourceTree = "<group>"; };
		A2DA0415230D2A3A00491721 /* MBProgressHUD.m */ = {isa = PBXFileReference; fileEncoding = 4; lastKnownFileType = sourcecode.c.objc; path = MBProgressHUD.m; sourceTree = "<group>"; };
		A2DA0416230D2A3A00491721 /* MBProgressHUD+XMG.m */ = {isa = PBXFileReference; fileEncoding = 4; lastKnownFileType = sourcecode.c.objc; path = "MBProgressHUD+XMG.m"; sourceTree = "<group>"; };
		A2DA0417230D2A3A00491721 /* MBProgressHUD+XMG.h */ = {isa = PBXFileReference; fileEncoding = 4; lastKnownFileType = sourcecode.c.h; path = "MBProgressHUD+XMG.h"; sourceTree = "<group>"; };
		A2DA0418230D2A3A00491721 /* MBProgressHUD.bundle */ = {isa = PBXFileReference; lastKnownFileType = "wrapper.plug-in"; path = MBProgressHUD.bundle; sourceTree = "<group>"; };
		A2DA041C230D319400491721 /* JHUserDefaults.m */ = {isa = PBXFileReference; fileEncoding = 4; lastKnownFileType = sourcecode.c.objc; path = JHUserDefaults.m; sourceTree = "<group>"; };
		A2DA041D230D319400491721 /* JHUserDefaults.h */ = {isa = PBXFileReference; fileEncoding = 4; lastKnownFileType = sourcecode.c.h; path = JHUserDefaults.h; sourceTree = "<group>"; };
		A2DA041F230D33E900491721 /* UIViewController+Uitils.h */ = {isa = PBXFileReference; lastKnownFileType = sourcecode.c.h; path = "UIViewController+Uitils.h"; sourceTree = "<group>"; };
		A2DA0420230D33E900491721 /* UIViewController+Uitils.m */ = {isa = PBXFileReference; lastKnownFileType = sourcecode.c.objc; path = "UIViewController+Uitils.m"; sourceTree = "<group>"; };
		A2DA0422230D366F00491721 /* AddressTableViewCell.h */ = {isa = PBXFileReference; fileEncoding = 4; lastKnownFileType = sourcecode.c.h; path = AddressTableViewCell.h; sourceTree = "<group>"; };
		A2DA0423230D366F00491721 /* AddressTableViewCell.m */ = {isa = PBXFileReference; fileEncoding = 4; lastKnownFileType = sourcecode.c.objc; path = AddressTableViewCell.m; sourceTree = "<group>"; };
		A2DA0424230D366F00491721 /* AddressTableViewCell.xib */ = {isa = PBXFileReference; fileEncoding = 4; lastKnownFileType = file.xib; path = AddressTableViewCell.xib; sourceTree = "<group>"; };
		A2DA0427230D4B6700491721 /* HGAccountModel.h */ = {isa = PBXFileReference; lastKnownFileType = sourcecode.c.h; path = HGAccountModel.h; sourceTree = "<group>"; };
		A2DA0428230D4B6700491721 /* HGAccountModel.m */ = {isa = PBXFileReference; lastKnownFileType = sourcecode.c.objc; path = HGAccountModel.m; sourceTree = "<group>"; };
		A2DA042B230D4F9A00491721 /* HGLoginRegisterViewController.h */ = {isa = PBXFileReference; lastKnownFileType = sourcecode.c.h; path = HGLoginRegisterViewController.h; sourceTree = "<group>"; };
		A2DA042C230D4F9A00491721 /* HGLoginRegisterViewController.m */ = {isa = PBXFileReference; lastKnownFileType = sourcecode.c.objc; path = HGLoginRegisterViewController.m; sourceTree = "<group>"; };
		A2DA042E230D4FAF00491721 /* HGLoginRegister.storyboard */ = {isa = PBXFileReference; lastKnownFileType = file.storyboard; path = HGLoginRegister.storyboard; sourceTree = "<group>"; };
		A2DA04302310ECCB00491721 /* FXCustomizeButton.h */ = {isa = PBXFileReference; fileEncoding = 4; lastKnownFileType = sourcecode.c.h; path = FXCustomizeButton.h; sourceTree = "<group>"; };
		A2DA04312310ECCB00491721 /* FXCustomizeButton.m */ = {isa = PBXFileReference; fileEncoding = 4; lastKnownFileType = sourcecode.c.objc; path = FXCustomizeButton.m; sourceTree = "<group>"; };
		A2DA043323110E5400491721 /* UIButton+HGCustomButton.h */ = {isa = PBXFileReference; lastKnownFileType = sourcecode.c.h; path = "UIButton+HGCustomButton.h"; sourceTree = "<group>"; };
		A2DA043423110E5400491721 /* UIButton+HGCustomButton.m */ = {isa = PBXFileReference; lastKnownFileType = sourcecode.c.objc; path = "UIButton+HGCustomButton.m"; sourceTree = "<group>"; };
		A2DA04362311234C00491721 /* HGMainTableViewCell.h */ = {isa = PBXFileReference; lastKnownFileType = sourcecode.c.h; path = HGMainTableViewCell.h; sourceTree = "<group>"; };
		A2DA04372311234C00491721 /* HGMainTableViewCell.m */ = {isa = PBXFileReference; lastKnownFileType = sourcecode.c.objc; path = HGMainTableViewCell.m; sourceTree = "<group>"; };
		A2DA04382311234C00491721 /* HGMainTableViewCell.xib */ = {isa = PBXFileReference; lastKnownFileType = file.xib; path = HGMainTableViewCell.xib; sourceTree = "<group>"; };
/* End PBXFileReference section */

/* Begin PBXFrameworksBuildPhase section */
		A2DA0396230B8EB300491721 /* Frameworks */ = {
			isa = PBXFrameworksBuildPhase;
			buildActionMask = 2147483647;
			files = (
				84AB4813AA9E8212B9B4EF47 /* libPods-HuangGuan.a in Frameworks */,
			);
			runOnlyForDeploymentPostprocessing = 0;
		};
/* End PBXFrameworksBuildPhase section */

/* Begin PBXGroup section */
		A2A1E5A32312422500AB85CA /* DataTool */ = {
			isa = PBXGroup;
			children = (
				A2A1E5A72312424300AB85CA /* CollectDataTool.h */,
				A2A1E5A42312424300AB85CA /* CollectDataTool.m */,
				A2A1E5A52312424300AB85CA /* ShopCarDataTool.h */,
				A2A1E5A62312424300AB85CA /* ShopCarDataTool.m */,
			);
			path = DataTool;
			sourceTree = "<group>";
		};
		A2A1E5AA231248BC00AB85CA /* Order */ = {
			isa = PBXGroup;
			children = (
				A2A1E5AC231248EC00AB85CA /* Order.h */,
				A2A1E5AB231248EC00AB85CA /* Order.m */,
			);
			path = Order;
			sourceTree = "<group>";
		};
		A2BE2C8F2313AB3300A770A0 /* Controller */ = {
			isa = PBXGroup;
			children = (
				A2BE2C902313AB3300A770A0 /* OrderListTableViewController.h */,
				A2BE2C912313AB3300A770A0 /* OrderListTableViewController.m */,
			);
			path = Controller;
			sourceTree = "<group>";
		};
		A2BE2C922313AB3300A770A0 /* View */ = {
			isa = PBXGroup;
			children = (
				A2BE2C932313AB3300A770A0 /* OrderListTableViewCell.h */,
				A2BE2C942313AB3300A770A0 /* OrderListTableViewCell.xib */,
				A2BE2C952313AB3300A770A0 /* OrderListTableViewCell.m */,
				A2BE2C992313ABC200A770A0 /* OrderCollectionViewCell.h */,
				A2BE2C9A2313ABC200A770A0 /* OrderCollectionViewCell.m */,
				A2BE2C9B2313ABC200A770A0 /* OrderCollectionViewCell.xib */,
			);
			path = View;
			sourceTree = "<group>";
		};
		A2DA0390230B8EB300491721 = {
			isa = PBXGroup;
			children = (
				A2DA039B230B8EB300491721 /* HuangGuan */,
				A2DA039A230B8EB300491721 /* Products */,
				E02A77FF10230D0CDEDC3ADE /* Pods */,
				C1C4A67037F20BE1986DCE69 /* Frameworks */,
			);
			sourceTree = "<group>";
		};
		A2DA039A230B8EB300491721 /* Products */ = {
			isa = PBXGroup;
			children = (
				A2DA0399230B8EB300491721 /* HuangGuan.app */,
			);
			name = Products;
			sourceTree = "<group>";
		};
		A2DA039B230B8EB300491721 /* HuangGuan */ = {
			isa = PBXGroup;
			children = (
				A2DA03BA230B977100491721 /* Modules */,
				A2DA03B5230B970700491721 /* Base */,
				A2DA03B3230B967C00491721 /* Other */,
				A2DA03B2230B966600491721 /* Service */,
				A2DA039F230B8EB300491721 /* ViewController.h */,
				A2DA03A0230B8EB300491721 /* ViewController.m */,
				A2DA03A2230B8EB300491721 /* Main.storyboard */,
				A2DA03A5230B8EB500491721 /* Assets.xcassets */,
				A2DA03A7230B8EB500491721 /* LaunchScreen.storyboard */,
				A2DA03AA230B8EB600491721 /* Info.plist */,
				A2DA03AB230B8EB600491721 /* main.m */,
			);
			path = HuangGuan;
			sourceTree = "<group>";
		};
		A2DA03B2230B966600491721 /* Service */ = {
			isa = PBXGroup;
			children = (
				A2DA039C230B8EB300491721 /* AppDelegate.h */,
				A2DA039D230B8EB300491721 /* AppDelegate.m */,
			);
			path = Service;
			sourceTree = "<group>";
		};
		A2DA03B3230B967C00491721 /* Other */ = {
			isa = PBXGroup;
			children = (
				A2DA03C7230B9C7900491721 /* PrefixHeader.pch */,
			);
			path = Other;
			sourceTree = "<group>";
		};
		A2DA03B5230B970700491721 /* Base */ = {
			isa = PBXGroup;
			children = (
				A2A1E5A32312422500AB85CA /* DataTool */,
				A2DA03B9230B973200491721 /* Utilities */,
				A2DA03B8230B972C00491721 /* Const */,
				A2DA03B7230B971F00491721 /* Share */,
				A2DA03B6230B971500491721 /* Category */,
			);
			path = Base;
			sourceTree = "<group>";
		};
		A2DA03B6230B971500491721 /* Category */ = {
			isa = PBXGroup;
			children = (
			);
			path = Category;
			sourceTree = "<group>";
		};
		A2DA03B7230B971F00491721 /* Share */ = {
			isa = PBXGroup;
			children = (
				A2DA03BB230B97C900491721 /* HGNavigationController.h */,
				A2DA03BC230B97C900491721 /* HGNavigationController.m */,
				A2DA03BE230B97E300491721 /* HGTabBarController.h */,
				A2DA03BF230B97E300491721 /* HGTabBarController.m */,
				A2DA03C8230B9FDB00491721 /* HGBaseViewController.h */,
				A2DA03C9230B9FDB00491721 /* HGBaseViewController.m */,
			);
			path = Share;
			sourceTree = "<group>";
		};
		A2DA03B8230B972C00491721 /* Const */ = {
			isa = PBXGroup;
			children = (
				A2DA03CB230BA01900491721 /* HGConst.h */,
			);
			path = Const;
			sourceTree = "<group>";
		};
		A2DA03B9230B973200491721 /* Utilities */ = {
			isa = PBXGroup;
			children = (
				A2DA0413230D2A1900491721 /* MBProgressHUD */,
				A2DA03FC230CF2AA00491721 /* CustomizeEmptyView.h */,
				A2DA03FD230CF2AA00491721 /* CustomizeEmptyView.m */,
				A2DA03D8230BCD4500491721 /* UIImage+GradientColor.h */,
				A2DA03D9230BCD4500491721 /* UIImage+GradientColor.m */,
				A2DA0403230CF5FF00491721 /* UIBarButtonItem+CustomBarButtonItem.h */,
				A2DA0404230CF5FF00491721 /* UIBarButtonItem+CustomBarButtonItem.m */,
				A2DA041D230D319400491721 /* JHUserDefaults.h */,
				A2DA041C230D319400491721 /* JHUserDefaults.m */,
				A2DA041F230D33E900491721 /* UIViewController+Uitils.h */,
				A2DA0420230D33E900491721 /* UIViewController+Uitils.m */,
				A2DA04302310ECCB00491721 /* FXCustomizeButton.h */,
				A2DA04312310ECCB00491721 /* FXCustomizeButton.m */,
				A2DA043323110E5400491721 /* UIButton+HGCustomButton.h */,
				A2DA043423110E5400491721 /* UIButton+HGCustomButton.m */,
				A2BE2C9E2313C12E00A770A0 /* UITextView+YLTextView.h */,
				A2BE2C9F2313C12E00A770A0 /* UITextView+YLTextView.m */,
			);
			path = Utilities;
			sourceTree = "<group>";
		};
		A2DA03BA230B977100491721 /* Modules */ = {
			isa = PBXGroup;
			children = (
				A2A1E5AA231248BC00AB85CA /* Order */,
				A2DA042A230D4F7D00491721 /* Login */,
				A2DA03C4230B982E00491721 /* Mine */,
				A2DA03C3230B982300491721 /* Orders */,
				A2DA03C2230B980B00491721 /* ShoppingCart */,
				A2DA03C1230B980100491721 /* Main */,
			);
			path = Modules;
			sourceTree = "<group>";
		};
		A2DA03C1230B980100491721 /* Main */ = {
			isa = PBXGroup;
			children = (
				A2DA03D5230BA21500491721 /* HGMainViewController.h */,
				A2DA03D6230BA21500491721 /* HGMainViewController.m */,
				A2DA04362311234C00491721 /* HGMainTableViewCell.h */,
				A2DA04372311234C00491721 /* HGMainTableViewCell.m */,
				A2DA04382311234C00491721 /* HGMainTableViewCell.xib */,
				A2A1E5772311332B00AB85CA /* HGItemListTableViewController.h */,
				A2A1E5782311332B00AB85CA /* HGItemListTableViewController.m */,
				A2A1E57A2311343B00AB85CA /* Item.plist */,
				A2A1E57C23113E2700AB85CA /* HGItemModel.h */,
				A2A1E57D23113E2700AB85CA /* HGItemModel.m */,
				A2A1E57F231141DA00AB85CA /* HGItemCell.h */,
				A2A1E580231141DA00AB85CA /* HGItemCell.m */,
				A2A1E581231141DA00AB85CA /* HGItemCell.xib */,
				A2A1E58723114AF300AB85CA /* HGItemDetailsTableViewController.h */,
				A2A1E58823114AF300AB85CA /* HGItemDetailsTableViewController.m */,
				A2A1E58C23114FAE00AB85CA /* HGDeitalFirstCell.h */,
				A2A1E58D23114FAE00AB85CA /* HGDeitalFirstCell.m */,
				A2A1E58E23114FAE00AB85CA /* HGDeitalFirstCell.xib */,
				A2A1E5912311509300AB85CA /* HGDetailSecondCell.h */,
				A2A1E5922311509300AB85CA /* HGDetailSecondCell.m */,
				A2A1E5932311509300AB85CA /* HGDetailSecondCell.xib */,
				A2A1E59623122D6400AB85CA /* HGDetailSecondSecondCell.h */,
				A2A1E59723122D6400AB85CA /* HGDetailSecondSecondCell.m */,
				A2A1E59823122D6400AB85CA /* HGDetailSecondSecondCell.xib */,
				A2A1E59B23122DE700AB85CA /* HGDetailThirdCell.h */,
				A2A1E59C23122DE700AB85CA /* HGDetailThirdCell.m */,
				A2A1E59D23122DE700AB85CA /* HGDetailThirdCell.xib */,
			);
			path = Main;
			sourceTree = "<group>";
		};
		A2DA03C2230B980B00491721 /* ShoppingCart */ = {
			isa = PBXGroup;
			children = (
				A2A1E5A02312418100AB85CA /* HGShopCarModel.h */,
				A2A1E5A12312418100AB85CA /* HGShopCarModel.m */,
				A2A1E5AE23125F4C00AB85CA /* HGShoppingCartViewController.h */,
				A2A1E5AF23125F4C00AB85CA /* HGShoppingCartViewController.m */,
				A2A1E5B023125F4C00AB85CA /* HGShoppingCartViewController.xib */,
				A2A1E5B32312674B00AB85CA /* HGShopCartCell.h */,
				A2A1E5B42312674B00AB85CA /* HGShopCartCell.m */,
				A2A1E5B52312674B00AB85CA /* HGShopCartCell.xib */,
				A2A1E5B823128DDB00AB85CA /* HGConfirmOrderViewController.h */,
				A2A1E5B923128DDB00AB85CA /* HGConfirmOrderViewController.m */,
				A2A1E5BA23128DDB00AB85CA /* HGConfirmOrderViewController.xib */,
				A2BE2C48231297D300A770A0 /* HGConfirmOrderFirstCell.h */,
				A2BE2C49231297D300A770A0 /* HGConfirmOrderFirstCell.m */,
				A2BE2C4A231297D300A770A0 /* HGConfirmOrderFirstCell.xib */,
				A2BE2C4D231297E800A770A0 /* HGConfirmOrderSecondCell.h */,
				A2BE2C4E231297E800A770A0 /* HGConfirmOrderSecondCell.m */,
				A2BE2C4F231297E800A770A0 /* HGConfirmOrderSecondCell.xib */,
				A2BE2C552312981900A770A0 /* HGConfirmOrderThirdOneCell.h */,
				A2BE2C562312981900A770A0 /* HGConfirmOrderThirdOneCell.m */,
				A2BE2C572312981900A770A0 /* HGConfirmOrderThirdOneCell.xib */,
				A2BE2C5A2312982900A770A0 /* HGConfirmOrderThirdTwoCell.h */,
				A2BE2C5B2312982900A770A0 /* HGConfirmOrderThirdTwoCell.m */,
				A2BE2C5C2312982900A770A0 /* HGConfirmOrderThirdTwoCell.xib */,
				A2BE2C5F2312983C00A770A0 /* HGConfirmOrderThirdThreeCell.h */,
				A2BE2C602312983C00A770A0 /* HGConfirmOrderThirdThreeCell.m */,
				A2BE2C612312983C00A770A0 /* HGConfirmOrderThirdThreeCell.xib */,
				A2BE2C642312985200A770A0 /* HGConfirmOrderFourthCell.h */,
				A2BE2C652312985200A770A0 /* HGConfirmOrderFourthCell.m */,
				A2BE2C662312985200A770A0 /* HGConfirmOrderFourthCell.xib */,
				A2BE2C692312AAA700A770A0 /* OrderDetailTableViewController.h */,
				A2BE2C6A2312AAA700A770A0 /* OrderDetailTableViewController.m */,
				A2BE2C6C2312AAC900A770A0 /* HGOrderDetailFirstOneCell.h */,
				A2BE2C6D2312AAC900A770A0 /* HGOrderDetailFirstOneCell.m */,
				A2BE2C6E2312AAC900A770A0 /* HGOrderDetailFirstOneCell.xib */,
				A2BE2C712312AB4500A770A0 /* HGOrderDetailFirstTwoCell.h */,
				A2BE2C722312AB4500A770A0 /* HGOrderDetailFirstTwoCell.m */,
				A2BE2C732312AB4500A770A0 /* HGOrderDetailFirstTwoCell.xib */,
				A2BE2C762312AC1B00A770A0 /* HGOrderDetailSecondCell.h */,
				A2BE2C772312AC1B00A770A0 /* HGOrderDetailSecondCell.m */,
				A2BE2C782312AC1B00A770A0 /* HGOrderDetailSecondCell.xib */,
				A2BE2C7B2312ADC800A770A0 /* HGOrderDetailFinalCell.h */,
				A2BE2C7C2312ADC800A770A0 /* HGOrderDetailFinalCell.m */,
				A2BE2C7D2312ADC800A770A0 /* HGOrderDetailFinalCell.xib */,
				A2BE2C8023137D7500A770A0 /* HGOrderDetailThridCell.h */,
				A2BE2C8123137D7500A770A0 /* HGOrderDetailThridCell.m */,
				A2BE2C8223137D7500A770A0 /* HGOrderDetailThridCell.xib */,
				A2BE2C8523137F0B00A770A0 /* HGOrderDetailFourthCell.h */,
				A2BE2C8623137F0B00A770A0 /* HGOrderDetailFourthCell.m */,
				A2BE2C8723137F0B00A770A0 /* HGOrderDetailFourthCell.xib */,
				A2BE2C8A23138ACC00A770A0 /* HGOrderDetailFifthCell.h */,
				A2BE2C8B23138ACC00A770A0 /* HGOrderDetailFifthCell.m */,
				A2BE2C8C23138ACC00A770A0 /* HGOrderDetailFifthCell.xib */,
			);
			path = ShoppingCart;
			sourceTree = "<group>";
		};
		A2DA03C3230B982300491721 /* Orders */ = {
			isa = PBXGroup;
			children = (
				A2BE2C8F2313AB3300A770A0 /* Controller */,
				A2BE2C922313AB3300A770A0 /* View */,
			);
			path = Orders;
			sourceTree = "<group>";
		};
		A2DA03C4230B982E00491721 /* Mine */ = {
			isa = PBXGroup;
			children = (
				A2DA03CC230BA1F700491721 /* HGMineViewController.h */,
				A2DA03CD230BA1F700491721 /* HGMineViewController.m */,
				A2DA03DB230BE9EA00491721 /* HGMineCell.h */,
				A2DA03DC230BE9EA00491721 /* HGMineCell.m */,
				A2DA03DE230BF1E400491721 /* MineCell.plist */,
				A2DA03E0230BF33F00491721 /* HGMineCellModel.h */,
				A2DA03E1230BF33F00491721 /* HGMineCellModel.m */,
				A2DA03E3230BF77A00491721 /* HGFeedBackViewController.h */,
				A2DA03E4230BF77A00491721 /* HGFeedBackViewController.m */,
				A2DA03E6230BFDAE00491721 /* HGSettingViewController.h */,
				A2DA03E7230BFDAE00491721 /* HGSettingViewController.m */,
				A2DA03E9230BFEC400491721 /* HGMineSettingCell.h */,
				A2DA03EA230BFEC400491721 /* HGMineSettingCell.m */,
				A2DA03F1230C0B0C00491721 /* SAChangePwd.storyboard */,
				A2DA03EF230C0B0C00491721 /* SAChangePwdViewController.h */,
				A2DA03F0230C0B0C00491721 /* SAChangePwdViewController.m */,
				A2DA03F7230CD89D00491721 /* HGMinePersonalInfoViewController.h */,
				A2DA03F8230CD89D00491721 /* HGMinePersonalInfoViewController.m */,
				A2DA03FA230CD8B300491721 /* HGMinePersonalInfo.storyboard */,
				A2DA03FF230CF36700491721 /* HGMineAddressTableViewController.h */,
				A2DA0400230CF36700491721 /* HGMineAddressTableViewController.m */,
				A2DA0409230D138200491721 /* HGMineEditAddressTableViewController.h */,
				A2DA040A230D138200491721 /* HGMineEditAddressTableViewController.m */,
				A2DA040E230D149800491721 /* HGMineEditAddress.storyboard */,
				A2DA0410230D1BC700491721 /* HGAddressModel.h */,
				A2DA0411230D1BC700491721 /* HGAddressModel.m */,
				A2DA0422230D366F00491721 /* AddressTableViewCell.h */,
				A2DA0423230D366F00491721 /* AddressTableViewCell.m */,
				A2DA0424230D366F00491721 /* AddressTableViewCell.xib */,
				A2DA0427230D4B6700491721 /* HGAccountModel.h */,
				A2DA0428230D4B6700491721 /* HGAccountModel.m */,
			);
			path = Mine;
			sourceTree = "<group>";
		};
		A2DA0413230D2A1900491721 /* MBProgressHUD */ = {
			isa = PBXGroup;
			children = (
				A2DA0418230D2A3A00491721 /* MBProgressHUD.bundle */,
				A2DA0414230D2A3A00491721 /* MBProgressHUD.h */,
				A2DA0415230D2A3A00491721 /* MBProgressHUD.m */,
				A2DA0417230D2A3A00491721 /* MBProgressHUD+XMG.h */,
				A2DA0416230D2A3A00491721 /* MBProgressHUD+XMG.m */,
			);
			path = MBProgressHUD;
			sourceTree = "<group>";
		};
		A2DA042A230D4F7D00491721 /* Login */ = {
			isa = PBXGroup;
			children = (
				A2DA042B230D4F9A00491721 /* HGLoginRegisterViewController.h */,
				A2DA042C230D4F9A00491721 /* HGLoginRegisterViewController.m */,
				A2DA042E230D4FAF00491721 /* HGLoginRegister.storyboard */,
			);
			path = Login;
			sourceTree = "<group>";
		};
		C1C4A67037F20BE1986DCE69 /* Frameworks */ = {
			isa = PBXGroup;
			children = (
				19A0E092F9C20DEDCC909AB7 /* libPods-HuangGuan.a */,
			);
			name = Frameworks;
			sourceTree = "<group>";
		};
		E02A77FF10230D0CDEDC3ADE /* Pods */ = {
			isa = PBXGroup;
			children = (
				5935E396E0B40CA6BF87D49A /* Pods-HuangGuan.debug.xcconfig */,
				99AA282045AB15149CFEBBA0 /* Pods-HuangGuan.release.xcconfig */,
			);
			path = Pods;
			sourceTree = "<group>";
		};
/* End PBXGroup section */

/* Begin PBXNativeTarget section */
		A2DA0398230B8EB300491721 /* HuangGuan */ = {
			isa = PBXNativeTarget;
			buildConfigurationList = A2DA03AF230B8EB600491721 /* Build configuration list for PBXNativeTarget "HuangGuan" */;
			buildPhases = (
				88DFE56664D4A6554BD009B7 /* [CP] Check Pods Manifest.lock */,
				A2DA0395230B8EB300491721 /* Sources */,
				A2DA0396230B8EB300491721 /* Frameworks */,
				A2DA0397230B8EB300491721 /* Resources */,
			);
			buildRules = (
			);
			dependencies = (
			);
			name = HuangGuan;
			productName = HuangGuan;
			productReference = A2DA0399230B8EB300491721 /* HuangGuan.app */;
			productType = "com.apple.product-type.application";
		};
/* End PBXNativeTarget section */

/* Begin PBXProject section */
		A2DA0391230B8EB300491721 /* Project object */ = {
			isa = PBXProject;
			attributes = {
				CLASSPREFIX = HG;
				LastUpgradeCheck = 1020;
				ORGANIZATIONNAME = LK;
				TargetAttributes = {
					A2DA0398230B8EB300491721 = {
						CreatedOnToolsVersion = 10.2.1;
					};
				};
			};
			buildConfigurationList = A2DA0394230B8EB300491721 /* Build configuration list for PBXProject "HuangGuan" */;
			compatibilityVersion = "Xcode 9.3";
			developmentRegion = en;
			hasScannedForEncodings = 0;
			knownRegions = (
				en,
				Base,
			);
			mainGroup = A2DA0390230B8EB300491721;
			productRefGroup = A2DA039A230B8EB300491721 /* Products */;
			projectDirPath = "";
			projectRoot = "";
			targets = (
				A2DA0398230B8EB300491721 /* HuangGuan */,
			);
		};
/* End PBXProject section */

/* Begin PBXResourcesBuildPhase section */
		A2DA0397230B8EB300491721 /* Resources */ = {
			isa = PBXResourcesBuildPhase;
			buildActionMask = 2147483647;
			files = (
				A2BE2C8E23138ACC00A770A0 /* HGOrderDetailFifthCell.xib in Resources */,
				A2A1E583231141DA00AB85CA /* HGItemCell.xib in Resources */,
				A2DA043A2311234C00491721 /* HGMainTableViewCell.xib in Resources */,
				A2BE2C8923137F0B00A770A0 /* HGOrderDetailFourthCell.xib in Resources */,
				A2A1E5B72312674B00AB85CA /* HGShopCartCell.xib in Resources */,
				A2A1E5B223125F4C00AB85CA /* HGShoppingCartViewController.xib in Resources */,
				A2BE2C972313AB3300A770A0 /* OrderListTableViewCell.xib in Resources */,
				A2DA03FB230CD8B300491721 /* HGMinePersonalInfo.storyboard in Resources */,
				A2BE2C5E2312982900A770A0 /* HGConfirmOrderThirdTwoCell.xib in Resources */,
				A2DA0426230D366F00491721 /* AddressTableViewCell.xib in Resources */,
				A2A1E57B2311343B00AB85CA /* Item.plist in Resources */,
				A2DA041B230D2A3A00491721 /* MBProgressHUD.bundle in Resources */,
				A2BE2C51231297E800A770A0 /* HGConfirmOrderSecondCell.xib in Resources */,
				A2A1E59023114FAE00AB85CA /* HGDeitalFirstCell.xib in Resources */,
				A2BE2C9D2313ABC200A770A0 /* OrderCollectionViewCell.xib in Resources */,
				A2A1E59F23122DE700AB85CA /* HGDetailThirdCell.xib in Resources */,
				A2A1E59A23122D6400AB85CA /* HGDetailSecondSecondCell.xib in Resources */,
				A2DA03A9230B8EB500491721 /* LaunchScreen.storyboard in Resources */,
				A2BE2C752312AB4500A770A0 /* HGOrderDetailFirstTwoCell.xib in Resources */,
				A2BE2C8423137D7500A770A0 /* HGOrderDetailThridCell.xib in Resources */,
				A2A1E5952311509300AB85CA /* HGDetailSecondCell.xib in Resources */,
				A2BE2C7A2312AC1B00A770A0 /* HGOrderDetailSecondCell.xib in Resources */,
				A2DA03DF230BF1E400491721 /* MineCell.plist in Resources */,
				A2A1E5BC23128DDB00AB85CA /* HGConfirmOrderViewController.xib in Resources */,
				A2DA040F230D149800491721 /* HGMineEditAddress.storyboard in Resources */,
				A2DA042F230D4FAF00491721 /* HGLoginRegister.storyboard in Resources */,
				A2DA03F3230C0B0C00491721 /* SAChangePwd.storyboard in Resources */,
				A2BE2C4C231297D300A770A0 /* HGConfirmOrderFirstCell.xib in Resources */,
				A2DA03A6230B8EB500491721 /* Assets.xcassets in Resources */,
				A2BE2C592312981900A770A0 /* HGConfirmOrderThirdOneCell.xib in Resources */,
				A2BE2C632312983C00A770A0 /* HGConfirmOrderThirdThreeCell.xib in Resources */,
				A2BE2C7F2312ADC800A770A0 /* HGOrderDetailFinalCell.xib in Resources */,
				A2BE2C682312985200A770A0 /* HGConfirmOrderFourthCell.xib in Resources */,
				A2BE2C702312AAC900A770A0 /* HGOrderDetailFirstOneCell.xib in Resources */,
				A2DA03A4230B8EB300491721 /* Main.storyboard in Resources */,
			);
			runOnlyForDeploymentPostprocessing = 0;
		};
/* End PBXResourcesBuildPhase section */

/* Begin PBXShellScriptBuildPhase section */
		88DFE56664D4A6554BD009B7 /* [CP] Check Pods Manifest.lock */ = {
			isa = PBXShellScriptBuildPhase;
			buildActionMask = 2147483647;
			files = (
			);
			inputFileListPaths = (
			);
			inputPaths = (
				"${PODS_PODFILE_DIR_PATH}/Podfile.lock",
				"${PODS_ROOT}/Manifest.lock",
			);
			name = "[CP] Check Pods Manifest.lock";
			outputFileListPaths = (
			);
			outputPaths = (
				"$(DERIVED_FILE_DIR)/Pods-HuangGuan-checkManifestLockResult.txt",
			);
			runOnlyForDeploymentPostprocessing = 0;
			shellPath = /bin/sh;
			shellScript = "diff \"${PODS_PODFILE_DIR_PATH}/Podfile.lock\" \"${PODS_ROOT}/Manifest.lock\" > /dev/null\nif [ $? != 0 ] ; then\n    # print error to STDERR\n    echo \"error: The sandbox is not in sync with the Podfile.lock. Run 'pod install' or update your CocoaPods installation.\" >&2\n    exit 1\nfi\n# This output is used by Xcode 'outputs' to avoid re-running this script phase.\necho \"SUCCESS\" > \"${SCRIPT_OUTPUT_FILE_0}\"\n";
			showEnvVarsInLog = 0;
		};
/* End PBXShellScriptBuildPhase section */

/* Begin PBXSourcesBuildPhase section */
		A2DA0395230B8EB300491721 /* Sources */ = {
			isa = PBXSourcesBuildPhase;
			buildActionMask = 2147483647;
			files = (
				A2DA0429230D4B6700491721 /* HGAccountModel.m in Sources */,
				A2DA041E230D319400491721 /* JHUserDefaults.m in Sources */,
				A2A1E58F23114FAE00AB85CA /* HGDeitalFirstCell.m in Sources */,
				A2DA03DA230BCD4500491721 /* UIImage+GradientColor.m in Sources */,
				A2DA0401230CF36700491721 /* HGMineAddressTableViewController.m in Sources */,
				A2DA03A1230B8EB300491721 /* ViewController.m in Sources */,
				A2A1E5B123125F4C00AB85CA /* HGShoppingCartViewController.m in Sources */,
				A2DA04322310ECCB00491721 /* FXCustomizeButton.m in Sources */,
				A2DA03CE230BA1F700491721 /* HGMineViewController.m in Sources */,
				A2DA03EB230BFEC400491721 /* HGMineSettingCell.m in Sources */,
				A2DA03FE230CF2AA00491721 /* CustomizeEmptyView.m in Sources */,
				A2DA0419230D2A3A00491721 /* MBProgressHUD.m in Sources */,
				A2DA0405230CF5FF00491721 /* UIBarButtonItem+CustomBarButtonItem.m in Sources */,
				A2BE2C8323137D7500A770A0 /* HGOrderDetailThridCell.m in Sources */,
				A2BE2C982313AB3300A770A0 /* OrderListTableViewCell.m in Sources */,
				A2DA03E5230BF77A00491721 /* HGFeedBackViewController.m in Sources */,
				A2A1E5942311509300AB85CA /* HGDetailSecondCell.m in Sources */,
				A2A1E59E23122DE700AB85CA /* HGDetailThirdCell.m in Sources */,
				A2DA03C0230B97E300491721 /* HGTabBarController.m in Sources */,
				A2BE2C8D23138ACC00A770A0 /* HGOrderDetailFifthCell.m in Sources */,
				A2BE2C962313AB3300A770A0 /* OrderListTableViewController.m in Sources */,
				A2A1E5B62312674B00AB85CA /* HGShopCartCell.m in Sources */,
				A2A1E5A22312418100AB85CA /* HGShopCarModel.m in Sources */,
				A2A1E5BB23128DDB00AB85CA /* HGConfirmOrderViewController.m in Sources */,
				A2BE2C4B231297D300A770A0 /* HGConfirmOrderFirstCell.m in Sources */,
				A2DA0421230D33E900491721 /* UIViewController+Uitils.m in Sources */,
				A2DA03AC230B8EB600491721 /* main.m in Sources */,
				A2DA03BD230B97C900491721 /* HGNavigationController.m in Sources */,
				A2DA040C230D138200491721 /* HGMineEditAddressTableViewController.m in Sources */,
				A2BE2C9C2313ABC200A770A0 /* OrderCollectionViewCell.m in Sources */,
				A2DA03DD230BE9EA00491721 /* HGMineCell.m in Sources */,
				A2DA03D7230BA21500491721 /* HGMainViewController.m in Sources */,
				A2BE2CA02313C12E00A770A0 /* UITextView+YLTextView.m in Sources */,
				A2DA0412230D1BC700491721 /* HGAddressModel.m in Sources */,
				A2BE2C622312983C00A770A0 /* HGConfirmOrderThirdThreeCell.m in Sources */,
				A2A1E59923122D6400AB85CA /* HGDetailSecondSecondCell.m in Sources */,
				A2DA03E8230BFDAE00491721 /* HGSettingViewController.m in Sources */,
				A2A1E5A82312424300AB85CA /* CollectDataTool.m in Sources */,
				A2A1E57E23113E2700AB85CA /* HGItemModel.m in Sources */,
				A2BE2C50231297E800A770A0 /* HGConfirmOrderSecondCell.m in Sources */,
				A2DA03F9230CD89D00491721 /* HGMinePersonalInfoViewController.m in Sources */,
				A2BE2C5D2312982900A770A0 /* HGConfirmOrderThirdTwoCell.m in Sources */,
				A2A1E58A23114AF300AB85CA /* HGItemDetailsTableViewController.m in Sources */,
				A2BE2C742312AB4500A770A0 /* HGOrderDetailFirstTwoCell.m in Sources */,
				A2DA042D230D4F9A00491721 /* HGLoginRegisterViewController.m in Sources */,
				A2BE2C792312AC1B00A770A0 /* HGOrderDetailSecondCell.m in Sources */,
				A2BE2C8823137F0B00A770A0 /* HGOrderDetailFourthCell.m in Sources */,
				A2BE2C6F2312AAC900A770A0 /* HGOrderDetailFirstOneCell.m in Sources */,
				A2BE2C7E2312ADC800A770A0 /* HGOrderDetailFinalCell.m in Sources */,
				A2DA041A230D2A3A00491721 /* MBProgressHUD+XMG.m in Sources */,
				A2DA04392311234C00491721 /* HGMainTableViewCell.m in Sources */,
				A2DA03CA230B9FDB00491721 /* HGBaseViewController.m in Sources */,
				A2DA03E2230BF33F00491721 /* HGMineCellModel.m in Sources */,
				A2A1E5AD231248EC00AB85CA /* Order.m in Sources */,
				A2BE2C6B2312AAA700A770A0 /* OrderDetailTableViewController.m in Sources */,
				A2A1E5792311332B00AB85CA /* HGItemListTableViewController.m in Sources */,
				A2BE2C582312981900A770A0 /* HGConfirmOrderThirdOneCell.m in Sources */,
				A2BE2C672312985200A770A0 /* HGConfirmOrderFourthCell.m in Sources */,
				A2DA039E230B8EB300491721 /* AppDelegate.m in Sources */,
				A2DA0425230D366F00491721 /* AddressTableViewCell.m in Sources */,
				A2A1E5A92312424300AB85CA /* ShopCarDataTool.m in Sources */,
				A2A1E582231141DA00AB85CA /* HGItemCell.m in Sources */,
				A2DA03F2230C0B0C00491721 /* SAChangePwdViewController.m in Sources */,
				A2DA043523110E5400491721 /* UIButton+HGCustomButton.m in Sources */,
			);
			runOnlyForDeploymentPostprocessing = 0;
		};
/* End PBXSourcesBuildPhase section */

/* Begin PBXVariantGroup section */
		A2DA03A2230B8EB300491721 /* Main.storyboard */ = {
			isa = PBXVariantGroup;
			children = (
				A2DA03A3230B8EB300491721 /* Base */,
			);
			name = Main.storyboard;
			sourceTree = "<group>";
		};
		A2DA03A7230B8EB500491721 /* LaunchScreen.storyboard */ = {
			isa = PBXVariantGroup;
			children = (
				A2DA03A8230B8EB500491721 /* Base */,
			);
			name = LaunchScreen.storyboard;
			sourceTree = "<group>";
		};
/* End PBXVariantGroup section */

/* Begin XCBuildConfiguration section */
		A2DA03AD230B8EB600491721 /* Debug */ = {
			isa = XCBuildConfiguration;
			buildSettings = {
				ALWAYS_SEARCH_USER_PATHS = NO;
				CLANG_ANALYZER_NONNULL = YES;
				CLANG_ANALYZER_NUMBER_OBJECT_CONVERSION = YES_AGGRESSIVE;
				CLANG_CXX_LANGUAGE_STANDARD = "gnu++14";
				CLANG_CXX_LIBRARY = "libc++";
				CLANG_ENABLE_MODULES = YES;
				CLANG_ENABLE_OBJC_ARC = YES;
				CLANG_ENABLE_OBJC_WEAK = YES;
				CLANG_WARN_BLOCK_CAPTURE_AUTORELEASING = YES;
				CLANG_WARN_BOOL_CONVERSION = YES;
				CLANG_WARN_COMMA = YES;
				CLANG_WARN_CONSTANT_CONVERSION = YES;
				CLANG_WARN_DEPRECATED_OBJC_IMPLEMENTATIONS = YES;
				CLANG_WARN_DIRECT_OBJC_ISA_USAGE = YES_ERROR;
				CLANG_WARN_DOCUMENTATION_COMMENTS = YES;
				CLANG_WARN_EMPTY_BODY = YES;
				CLANG_WARN_ENUM_CONVERSION = YES;
				CLANG_WARN_INFINITE_RECURSION = YES;
				CLANG_WARN_INT_CONVERSION = YES;
				CLANG_WARN_NON_LITERAL_NULL_CONVERSION = YES;
				CLANG_WARN_OBJC_IMPLICIT_RETAIN_SELF = YES;
				CLANG_WARN_OBJC_LITERAL_CONVERSION = YES;
				CLANG_WARN_OBJC_ROOT_CLASS = YES_ERROR;
				CLANG_WARN_RANGE_LOOP_ANALYSIS = YES;
				CLANG_WARN_STRICT_PROTOTYPES = YES;
				CLANG_WARN_SUSPICIOUS_MOVE = YES;
				CLANG_WARN_UNGUARDED_AVAILABILITY = YES_AGGRESSIVE;
				CLANG_WARN_UNREACHABLE_CODE = YES;
				CLANG_WARN__DUPLICATE_METHOD_MATCH = YES;
				CODE_SIGN_IDENTITY = "iPhone Developer";
				COPY_PHASE_STRIP = NO;
				DEBUG_INFORMATION_FORMAT = dwarf;
				ENABLE_STRICT_OBJC_MSGSEND = YES;
				ENABLE_TESTABILITY = YES;
				GCC_C_LANGUAGE_STANDARD = gnu11;
				GCC_DYNAMIC_NO_PIC = NO;
				GCC_NO_COMMON_BLOCKS = YES;
				GCC_OPTIMIZATION_LEVEL = 0;
				GCC_PREPROCESSOR_DEFINITIONS = (
					"DEBUG=1",
					"$(inherited)",
				);
				GCC_WARN_64_TO_32_BIT_CONVERSION = YES;
				GCC_WARN_ABOUT_RETURN_TYPE = YES_ERROR;
				GCC_WARN_UNDECLARED_SELECTOR = YES;
				GCC_WARN_UNINITIALIZED_AUTOS = YES_AGGRESSIVE;
				GCC_WARN_UNUSED_FUNCTION = YES;
				GCC_WARN_UNUSED_VARIABLE = YES;
				IPHONEOS_DEPLOYMENT_TARGET = 12.2;
				MTL_ENABLE_DEBUG_INFO = INCLUDE_SOURCE;
				MTL_FAST_MATH = YES;
				ONLY_ACTIVE_ARCH = YES;
				SDKROOT = iphoneos;
			};
			name = Debug;
		};
		A2DA03AE230B8EB600491721 /* Release */ = {
			isa = XCBuildConfiguration;
			buildSettings = {
				ALWAYS_SEARCH_USER_PATHS = NO;
				CLANG_ANALYZER_NONNULL = YES;
				CLANG_ANALYZER_NUMBER_OBJECT_CONVERSION = YES_AGGRESSIVE;
				CLANG_CXX_LANGUAGE_STANDARD = "gnu++14";
				CLANG_CXX_LIBRARY = "libc++";
				CLANG_ENABLE_MODULES = YES;
				CLANG_ENABLE_OBJC_ARC = YES;
				CLANG_ENABLE_OBJC_WEAK = YES;
				CLANG_WARN_BLOCK_CAPTURE_AUTORELEASING = YES;
				CLANG_WARN_BOOL_CONVERSION = YES;
				CLANG_WARN_COMMA = YES;
				CLANG_WARN_CONSTANT_CONVERSION = YES;
				CLANG_WARN_DEPRECATED_OBJC_IMPLEMENTATIONS = YES;
				CLANG_WARN_DIRECT_OBJC_ISA_USAGE = YES_ERROR;
				CLANG_WARN_DOCUMENTATION_COMMENTS = YES;
				CLANG_WARN_EMPTY_BODY = YES;
				CLANG_WARN_ENUM_CONVERSION = YES;
				CLANG_WARN_INFINITE_RECURSION = YES;
				CLANG_WARN_INT_CONVERSION = YES;
				CLANG_WARN_NON_LITERAL_NULL_CONVERSION = YES;
				CLANG_WARN_OBJC_IMPLICIT_RETAIN_SELF = YES;
				CLANG_WARN_OBJC_LITERAL_CONVERSION = YES;
				CLANG_WARN_OBJC_ROOT_CLASS = YES_ERROR;
				CLANG_WARN_RANGE_LOOP_ANALYSIS = YES;
				CLANG_WARN_STRICT_PROTOTYPES = YES;
				CLANG_WARN_SUSPICIOUS_MOVE = YES;
				CLANG_WARN_UNGUARDED_AVAILABILITY = YES_AGGRESSIVE;
				CLANG_WARN_UNREACHABLE_CODE = YES;
				CLANG_WARN__DUPLICATE_METHOD_MATCH = YES;
				CODE_SIGN_IDENTITY = "iPhone Developer";
				COPY_PHASE_STRIP = NO;
				DEBUG_INFORMATION_FORMAT = "dwarf-with-dsym";
				ENABLE_NS_ASSERTIONS = NO;
				ENABLE_STRICT_OBJC_MSGSEND = YES;
				GCC_C_LANGUAGE_STANDARD = gnu11;
				GCC_NO_COMMON_BLOCKS = YES;
				GCC_WARN_64_TO_32_BIT_CONVERSION = YES;
				GCC_WARN_ABOUT_RETURN_TYPE = YES_ERROR;
				GCC_WARN_UNDECLARED_SELECTOR = YES;
				GCC_WARN_UNINITIALIZED_AUTOS = YES_AGGRESSIVE;
				GCC_WARN_UNUSED_FUNCTION = YES;
				GCC_WARN_UNUSED_VARIABLE = YES;
				IPHONEOS_DEPLOYMENT_TARGET = 12.2;
				MTL_ENABLE_DEBUG_INFO = NO;
				MTL_FAST_MATH = YES;
				SDKROOT = iphoneos;
				VALIDATE_PRODUCT = YES;
			};
			name = Release;
		};
		A2DA03B0230B8EB600491721 /* Debug */ = {
			isa = XCBuildConfiguration;
			baseConfigurationReference = 5935E396E0B40CA6BF87D49A /* Pods-HuangGuan.debug.xcconfig */;
			buildSettings = {
				ASSETCATALOG_COMPILER_APPICON_NAME = AppIcon;
				CODE_SIGN_STYLE = Automatic;
				GCC_PRECOMPILE_PREFIX_HEADER = YES;
				GCC_PREFIX_HEADER = /Users/likai/PartTimeOutSourcing/HuangGuan/HuangGuan/Other/PrefixHeader.pch;
				INFOPLIST_FILE = HuangGuan/Info.plist;
				LD_RUNPATH_SEARCH_PATHS = (
					"$(inherited)",
					"@executable_path/Frameworks",
				);
				PRODUCT_BUNDLE_IDENTIFIER = "-223LK.HuangGuan";
				PRODUCT_NAME = "$(TARGET_NAME)";
				TARGETED_DEVICE_FAMILY = "1,2";
			};
			name = Debug;
		};
		A2DA03B1230B8EB600491721 /* Release */ = {
			isa = XCBuildConfiguration;
			baseConfigurationReference = 99AA282045AB15149CFEBBA0 /* Pods-HuangGuan.release.xcconfig */;
			buildSettings = {
				ASSETCATALOG_COMPILER_APPICON_NAME = AppIcon;
				CODE_SIGN_STYLE = Automatic;
				GCC_PRECOMPILE_PREFIX_HEADER = YES;
				GCC_PREFIX_HEADER = /Users/likai/PartTimeOutSourcing/HuangGuan/HuangGuan/Other/PrefixHeader.pch;
				INFOPLIST_FILE = HuangGuan/Info.plist;
				LD_RUNPATH_SEARCH_PATHS = (
					"$(inherited)",
					"@executable_path/Frameworks",
				);
				PRODUCT_BUNDLE_IDENTIFIER = "-223LK.HuangGuan";
				PRODUCT_NAME = "$(TARGET_NAME)";
				TARGETED_DEVICE_FAMILY = "1,2";
			};
			name = Release;
		};
/* End XCBuildConfiguration section */

/* Begin XCConfigurationList section */
		A2DA0394230B8EB300491721 /* Build configuration list for PBXProject "HuangGuan" */ = {
			isa = XCConfigurationList;
			buildConfigurations = (
				A2DA03AD230B8EB600491721 /* Debug */,
				A2DA03AE230B8EB600491721 /* Release */,
			);
			defaultConfigurationIsVisible = 0;
			defaultConfigurationName = Release;
		};
		A2DA03AF230B8EB600491721 /* Build configuration list for PBXNativeTarget "HuangGuan" */ = {
			isa = XCConfigurationList;
			buildConfigurations = (
				A2DA03B0230B8EB600491721 /* Debug */,
				A2DA03B1230B8EB600491721 /* Release */,
			);
			defaultConfigurationIsVisible = 0;
			defaultConfigurationName = Release;
		};
/* End XCConfigurationList section */
	};
	rootObject = A2DA0391230B8EB300491721 /* Project object */;
}
