// !$*UTF8*$!
{
	archiveVersion = 1;
	classes = {
	};
	objectVersion = 50;
	objects = {

/* Begin PBXBuildFile section */
		84AB4813AA9E8212B9B4EF47 /* libPods-HuangGuan.a in Frameworks */ = {isa = PBXBuildFile; fileRef = 19A0E092F9C20DEDCC909AB7 /* libPods-HuangGuan.a */; };
		A2DA039E230B8EB300491721 /* AppDelegate.m in Sources */ = {isa = PBXBuildFile; fileRef = A2DA039D230B8EB300491721 /* AppDelegate.m */; };
		A2DA03A1230B8EB300491721 /* ViewController.m in Sources */ = {isa = PBXBuildFile; fileRef = A2DA03A0230B8EB300491721 /* ViewController.m */; };
		A2DA03A4230B8EB300491721 /* Main.storyboard in Resources */ = {isa = PBXBuildFile; fileRef = A2DA03A2230B8EB300491721 /* Main.storyboard */; };
		A2DA03A6230B8EB500491721 /* Assets.xcassets in Resources */ = {isa = PBXBuildFile; fileRef = A2DA03A5230B8EB500491721 /* Assets.xcassets */; };
		A2DA03A9230B8EB500491721 /* LaunchScreen.storyboard in Resources */ = {isa = PBXBuildFile; fileRef = A2DA03A7230B8EB500491721 /* LaunchScreen.storyboard */; };
		A2DA03AC230B8EB600491721 /* main.m in Sources */ = {isa = PBXBuildFile; fileRef = A2DA03AB230B8EB600491721 /* main.m */; };
		A2DA03BD230B97C900491721 /* HGNavigationController.m in Sources */ = {isa = PBXBuildFile; fileRef = A2DA03BC230B97C900491721 /* HGNavigationController.m */; };
		A2DA03C0230B97E300491721 /* HGTabBarController.m in Sources */ = {isa = PBXBuildFile; fileRef = A2DA03BF230B97E300491721 /* HGTabBarController.m */; };
		A2DA03CA230B9FDB00491721 /* HGBaseViewController.m in Sources */ = {isa = PBXBuildFile; fileRef = A2DA03C9230B9FDB00491721 /* HGBaseViewController.m */; };
		A2DA03CE230BA1F700491721 /* HGMineViewController.m in Sources */ = {isa = PBXBuildFile; fileRef = A2DA03CD230BA1F700491721 /* HGMineViewController.m */; };
		A2DA03D1230BA20100491721 /* HGOrdersViewController.m in Sources */ = {isa = PBXBuildFile; fileRef = A2DA03D0230BA20100491721 /* HGOrdersViewController.m */; };
		A2DA03D4230BA20C00491721 /* HGShoppingCartViewController.m in Sources */ = {isa = PBXBuildFile; fileRef = A2DA03D3230BA20C00491721 /* HGShoppingCartViewController.m */; };
		A2DA03D7230BA21500491721 /* HGMainViewController.m in Sources */ = {isa = PBXBuildFile; fileRef = A2DA03D6230BA21500491721 /* HGMainViewController.m */; };
		A2DA03DA230BCD4500491721 /* UIImage+GradientColor.m in Sources */ = {isa = PBXBuildFile; fileRef = A2DA03D9230BCD4500491721 /* UIImage+GradientColor.m */; };
		A2DA03DD230BE9EA00491721 /* HGMineCell.m in Sources */ = {isa = PBXBuildFile; fileRef = A2DA03DC230BE9EA00491721 /* HGMineCell.m */; };
		A2DA03DF230BF1E400491721 /* MineCell.plist in Resources */ = {isa = PBXBuildFile; fileRef = A2DA03DE230BF1E400491721 /* MineCell.plist */; };
		A2DA03E2230BF33F00491721 /* HGMineCellModel.m in Sources */ = {isa = PBXBuildFile; fileRef = A2DA03E1230BF33F00491721 /* HGMineCellModel.m */; };
		A2DA03E5230BF77A00491721 /* HGFeedBackViewController.m in Sources */ = {isa = PBXBuildFile; fileRef = A2DA03E4230BF77A00491721 /* HGFeedBackViewController.m */; };
		A2DA03E8230BFDAE00491721 /* HGSettingViewController.m in Sources */ = {isa = PBXBuildFile; fileRef = A2DA03E7230BFDAE00491721 /* HGSettingViewController.m */; };
		A2DA03EB230BFEC400491721 /* HGMineSettingCell.m in Sources */ = {isa = PBXBuildFile; fileRef = A2DA03EA230BFEC400491721 /* HGMineSettingCell.m */; };
		A2DA03F2230C0B0C00491721 /* SAChangePwdViewController.m in Sources */ = {isa = PBXBuildFile; fileRef = A2DA03F0230C0B0C00491721 /* SAChangePwdViewController.m */; };
		A2DA03F3230C0B0C00491721 /* SAChangePwd.storyboard in Resources */ = {isa = PBXBuildFile; fileRef = A2DA03F1230C0B0C00491721 /* SAChangePwd.storyboard */; };
/* End PBXBuildFile section */

/* Begin PBXFileReference section */
		19A0E092F9C20DEDCC909AB7 /* libPods-HuangGuan.a */ = {isa = PBXFileReference; explicitFileType = archive.ar; includeInIndex = 0; path = "libPods-HuangGuan.a"; sourceTree = BUILT_PRODUCTS_DIR; };
		5935E396E0B40CA6BF87D49A /* Pods-HuangGuan.debug.xcconfig */ = {isa = PBXFileReference; includeInIndex = 1; lastKnownFileType = text.xcconfig; name = "Pods-HuangGuan.debug.xcconfig"; path = "Target Support Files/Pods-HuangGuan/Pods-HuangGuan.debug.xcconfig"; sourceTree = "<group>"; };
		99AA282045AB15149CFEBBA0 /* Pods-HuangGuan.release.xcconfig */ = {isa = PBXFileReference; includeInIndex = 1; lastKnownFileType = text.xcconfig; name = "Pods-HuangGuan.release.xcconfig"; path = "Target Support Files/Pods-HuangGuan/Pods-HuangGuan.release.xcconfig"; sourceTree = "<group>"; };
		A2DA0399230B8EB300491721 /* HuangGuan.app */ = {isa = PBXFileReference; explicitFileType = wrapper.application; includeInIndex = 0; path = HuangGuan.app; sourceTree = BUILT_PRODUCTS_DIR; };
		A2DA039C230B8EB300491721 /* AppDelegate.h */ = {isa = PBXFileReference; lastKnownFileType = sourcecode.c.h; path = AppDelegate.h; sourceTree = "<group>"; };
		A2DA039D230B8EB300491721 /* AppDelegate.m */ = {isa = PBXFileReference; lastKnownFileType = sourcecode.c.objc; path = AppDelegate.m; sourceTree = "<group>"; };
		A2DA039F230B8EB300491721 /* ViewController.h */ = {isa = PBXFileReference; lastKnownFileType = sourcecode.c.h; path = ViewController.h; sourceTree = "<group>"; };
		A2DA03A0230B8EB300491721 /* ViewController.m */ = {isa = PBXFileReference; lastKnownFileType = sourcecode.c.objc; path = ViewController.m; sourceTree = "<group>"; };
		A2DA03A3230B8EB300491721 /* Base */ = {isa = PBXFileReference; lastKnownFileType = file.storyboard; name = Base; path = Base.lproj/Main.storyboard; sourceTree = "<group>"; };
		A2DA03A5230B8EB500491721 /* Assets.xcassets */ = {isa = PBXFileReference; lastKnownFileType = folder.assetcatalog; path = Assets.xcassets; sourceTree = "<group>"; };
		A2DA03A8230B8EB500491721 /* Base */ = {isa = PBXFileReference; lastKnownFileType = file.storyboard; name = Base; path = Base.lproj/LaunchScreen.storyboard; sourceTree = "<group>"; };
		A2DA03AA230B8EB600491721 /* Info.plist */ = {isa = PBXFileReference; lastKnownFileType = text.plist.xml; path = Info.plist; sourceTree = "<group>"; };
		A2DA03AB230B8EB600491721 /* main.m */ = {isa = PBXFileReference; lastKnownFileType = sourcecode.c.objc; path = main.m; sourceTree = "<group>"; };
		A2DA03BB230B97C900491721 /* HGNavigationController.h */ = {isa = PBXFileReference; lastKnownFileType = sourcecode.c.h; path = HGNavigationController.h; sourceTree = "<group>"; };
		A2DA03BC230B97C900491721 /* HGNavigationController.m */ = {isa = PBXFileReference; lastKnownFileType = sourcecode.c.objc; path = HGNavigationController.m; sourceTree = "<group>"; };
		A2DA03BE230B97E300491721 /* HGTabBarController.h */ = {isa = PBXFileReference; lastKnownFileType = sourcecode.c.h; path = HGTabBarController.h; sourceTree = "<group>"; };
		A2DA03BF230B97E300491721 /* HGTabBarController.m */ = {isa = PBXFileReference; lastKnownFileType = sourcecode.c.objc; path = HGTabBarController.m; sourceTree = "<group>"; };
		A2DA03C7230B9C7900491721 /* PrefixHeader.pch */ = {isa = PBXFileReference; lastKnownFileType = sourcecode.c.h; path = PrefixHeader.pch; sourceTree = "<group>"; };
		A2DA03C8230B9FDB00491721 /* HGBaseViewController.h */ = {isa = PBXFileReference; lastKnownFileType = sourcecode.c.h; path = HGBaseViewController.h; sourceTree = "<group>"; };
		A2DA03C9230B9FDB00491721 /* HGBaseViewController.m */ = {isa = PBXFileReference; lastKnownFileType = sourcecode.c.objc; path = HGBaseViewController.m; sourceTree = "<group>"; };
		A2DA03CB230BA01900491721 /* HGConst.h */ = {isa = PBXFileReference; lastKnownFileType = sourcecode.c.h; path = HGConst.h; sourceTree = "<group>"; };
		A2DA03CC230BA1F700491721 /* HGMineViewController.h */ = {isa = PBXFileReference; lastKnownFileType = sourcecode.c.h; path = HGMineViewController.h; sourceTree = "<group>"; };
		A2DA03CD230BA1F700491721 /* HGMineViewController.m */ = {isa = PBXFileReference; lastKnownFileType = sourcecode.c.objc; path = HGMineViewController.m; sourceTree = "<group>"; };
		A2DA03CF230BA20100491721 /* HGOrdersViewController.h */ = {isa = PBXFileReference; lastKnownFileType = sourcecode.c.h; path = HGOrdersViewController.h; sourceTree = "<group>"; };
		A2DA03D0230BA20100491721 /* HGOrdersViewController.m */ = {isa = PBXFileReference; lastKnownFileType = sourcecode.c.objc; path = HGOrdersViewController.m; sourceTree = "<group>"; };
		A2DA03D2230BA20C00491721 /* HGShoppingCartViewController.h */ = {isa = PBXFileReference; lastKnownFileType = sourcecode.c.h; path = HGShoppingCartViewController.h; sourceTree = "<group>"; };
		A2DA03D3230BA20C00491721 /* HGShoppingCartViewController.m */ = {isa = PBXFileReference; lastKnownFileType = sourcecode.c.objc; path = HGShoppingCartViewController.m; sourceTree = "<group>"; };
		A2DA03D5230BA21500491721 /* HGMainViewController.h */ = {isa = PBXFileReference; lastKnownFileType = sourcecode.c.h; path = HGMainViewController.h; sourceTree = "<group>"; };
		A2DA03D6230BA21500491721 /* HGMainViewController.m */ = {isa = PBXFileReference; lastKnownFileType = sourcecode.c.objc; path = HGMainViewController.m; sourceTree = "<group>"; };
		A2DA03D8230BCD4500491721 /* UIImage+GradientColor.h */ = {isa = PBXFileReference; fileEncoding = 4; lastKnownFileType = sourcecode.c.h; path = "UIImage+GradientColor.h"; sourceTree = "<group>"; };
		A2DA03D9230BCD4500491721 /* UIImage+GradientColor.m */ = {isa = PBXFileReference; fileEncoding = 4; lastKnownFileType = sourcecode.c.objc; path = "UIImage+GradientColor.m"; sourceTree = "<group>"; };
		A2DA03DB230BE9EA00491721 /* HGMineCell.h */ = {isa = PBXFileReference; lastKnownFileType = sourcecode.c.h; path = HGMineCell.h; sourceTree = "<group>"; };
		A2DA03DC230BE9EA00491721 /* HGMineCell.m */ = {isa = PBXFileReference; lastKnownFileType = sourcecode.c.objc; path = HGMineCell.m; sourceTree = "<group>"; };
		A2DA03DE230BF1E400491721 /* MineCell.plist */ = {isa = PBXFileReference; lastKnownFileType = text.plist.xml; path = MineCell.plist; sourceTree = "<group>"; };
		A2DA03E0230BF33F00491721 /* HGMineCellModel.h */ = {isa = PBXFileReference; lastKnownFileType = sourcecode.c.h; path = HGMineCellModel.h; sourceTree = "<group>"; };
		A2DA03E1230BF33F00491721 /* HGMineCellModel.m */ = {isa = PBXFileReference; lastKnownFileType = sourcecode.c.objc; path = HGMineCellModel.m; sourceTree = "<group>"; };
		A2DA03E3230BF77A00491721 /* HGFeedBackViewController.h */ = {isa = PBXFileReference; lastKnownFileType = sourcecode.c.h; path = HGFeedBackViewController.h; sourceTree = "<group>"; };
		A2DA03E4230BF77A00491721 /* HGFeedBackViewController.m */ = {isa = PBXFileReference; lastKnownFileType = sourcecode.c.objc; path = HGFeedBackViewController.m; sourceTree = "<group>"; };
		A2DA03E6230BFDAE00491721 /* HGSettingViewController.h */ = {isa = PBXFileReference; lastKnownFileType = sourcecode.c.h; path = HGSettingViewController.h; sourceTree = "<group>"; };
		A2DA03E7230BFDAE00491721 /* HGSettingViewController.m */ = {isa = PBXFileReference; lastKnownFileType = sourcecode.c.objc; path = HGSettingViewController.m; sourceTree = "<group>"; };
		A2DA03E9230BFEC400491721 /* HGMineSettingCell.h */ = {isa = PBXFileReference; lastKnownFileType = sourcecode.c.h; path = HGMineSettingCell.h; sourceTree = "<group>"; };
		A2DA03EA230BFEC400491721 /* HGMineSettingCell.m */ = {isa = PBXFileReference; lastKnownFileType = sourcecode.c.objc; path = HGMineSettingCell.m; sourceTree = "<group>"; };
		A2DA03EF230C0B0C00491721 /* SAChangePwdViewController.h */ = {isa = PBXFileReference; fileEncoding = 4; lastKnownFileType = sourcecode.c.h; path = SAChangePwdViewController.h; sourceTree = "<group>"; };
		A2DA03F0230C0B0C00491721 /* SAChangePwdViewController.m */ = {isa = PBXFileReference; fileEncoding = 4; lastKnownFileType = sourcecode.c.objc; path = SAChangePwdViewController.m; sourceTree = "<group>"; };
		A2DA03F1230C0B0C00491721 /* SAChangePwd.storyboard */ = {isa = PBXFileReference; fileEncoding = 4; lastKnownFileType = file.storyboard; path = SAChangePwd.storyboard; sourceTree = "<group>"; };
/* End PBXFileReference section */

/* Begin PBXFrameworksBuildPhase section */
		A2DA0396230B8EB300491721 /* Frameworks */ = {
			isa = PBXFrameworksBuildPhase;
			buildActionMask = 2147483647;
			files = (
				84AB4813AA9E8212B9B4EF47 /* libPods-HuangGuan.a in Frameworks */,
			);
			runOnlyForDeploymentPostprocessing = 0;
		};
/* End PBXFrameworksBuildPhase section */

/* Begin PBXGroup section */
		A2DA0390230B8EB300491721 = {
			isa = PBXGroup;
			children = (
				A2DA039B230B8EB300491721 /* HuangGuan */,
				A2DA039A230B8EB300491721 /* Products */,
				E02A77FF10230D0CDEDC3ADE /* Pods */,
				C1C4A67037F20BE1986DCE69 /* Frameworks */,
			);
			sourceTree = "<group>";
		};
		A2DA039A230B8EB300491721 /* Products */ = {
			isa = PBXGroup;
			children = (
				A2DA0399230B8EB300491721 /* HuangGuan.app */,
			);
			name = Products;
			sourceTree = "<group>";
		};
		A2DA039B230B8EB300491721 /* HuangGuan */ = {
			isa = PBXGroup;
			children = (
				A2DA03BA230B977100491721 /* Modules */,
				A2DA03B5230B970700491721 /* Base */,
				A2DA03B3230B967C00491721 /* Other */,
				A2DA03B2230B966600491721 /* Service */,
				A2DA039F230B8EB300491721 /* ViewController.h */,
				A2DA03A0230B8EB300491721 /* ViewController.m */,
				A2DA03A2230B8EB300491721 /* Main.storyboard */,
				A2DA03A5230B8EB500491721 /* Assets.xcassets */,
				A2DA03A7230B8EB500491721 /* LaunchScreen.storyboard */,
				A2DA03AA230B8EB600491721 /* Info.plist */,
				A2DA03AB230B8EB600491721 /* main.m */,
			);
			path = HuangGuan;
			sourceTree = "<group>";
		};
		A2DA03B2230B966600491721 /* Service */ = {
			isa = PBXGroup;
			children = (
				A2DA039C230B8EB300491721 /* AppDelegate.h */,
				A2DA039D230B8EB300491721 /* AppDelegate.m */,
			);
			path = Service;
			sourceTree = "<group>";
		};
		A2DA03B3230B967C00491721 /* Other */ = {
			isa = PBXGroup;
			children = (
				A2DA03C7230B9C7900491721 /* PrefixHeader.pch */,
			);
			path = Other;
			sourceTree = "<group>";
		};
		A2DA03B5230B970700491721 /* Base */ = {
			isa = PBXGroup;
			children = (
				A2DA03B9230B973200491721 /* Utilities */,
				A2DA03B8230B972C00491721 /* Const */,
				A2DA03B7230B971F00491721 /* Share */,
				A2DA03B6230B971500491721 /* Category */,
			);
			path = Base;
			sourceTree = "<group>";
		};
		A2DA03B6230B971500491721 /* Category */ = {
			isa = PBXGroup;
			children = (
			);
			path = Category;
			sourceTree = "<group>";
		};
		A2DA03B7230B971F00491721 /* Share */ = {
			isa = PBXGroup;
			children = (
				A2DA03BB230B97C900491721 /* HGNavigationController.h */,
				A2DA03BC230B97C900491721 /* HGNavigationController.m */,
				A2DA03BE230B97E300491721 /* HGTabBarController.h */,
				A2DA03BF230B97E300491721 /* HGTabBarController.m */,
				A2DA03C8230B9FDB00491721 /* HGBaseViewController.h */,
				A2DA03C9230B9FDB00491721 /* HGBaseViewController.m */,
			);
			path = Share;
			sourceTree = "<group>";
		};
		A2DA03B8230B972C00491721 /* Const */ = {
			isa = PBXGroup;
			children = (
				A2DA03CB230BA01900491721 /* HGConst.h */,
			);
			path = Const;
			sourceTree = "<group>";
		};
		A2DA03B9230B973200491721 /* Utilities */ = {
			isa = PBXGroup;
			children = (
				A2DA03D8230BCD4500491721 /* UIImage+GradientColor.h */,
				A2DA03D9230BCD4500491721 /* UIImage+GradientColor.m */,
			);
			path = Utilities;
			sourceTree = "<group>";
		};
		A2DA03BA230B977100491721 /* Modules */ = {
			isa = PBXGroup;
			children = (
				A2DA03C4230B982E00491721 /* Mine */,
				A2DA03C3230B982300491721 /* Orders */,
				A2DA03C2230B980B00491721 /* ShoppingCart */,
				A2DA03C1230B980100491721 /* Main */,
			);
			path = Modules;
			sourceTree = "<group>";
		};
		A2DA03C1230B980100491721 /* Main */ = {
			isa = PBXGroup;
			children = (
				A2DA03D5230BA21500491721 /* HGMainViewController.h */,
				A2DA03D6230BA21500491721 /* HGMainViewController.m */,
			);
			path = Main;
			sourceTree = "<group>";
		};
		A2DA03C2230B980B00491721 /* ShoppingCart */ = {
			isa = PBXGroup;
			children = (
				A2DA03D2230BA20C00491721 /* HGShoppingCartViewController.h */,
				A2DA03D3230BA20C00491721 /* HGShoppingCartViewController.m */,
			);
			path = ShoppingCart;
			sourceTree = "<group>";
		};
		A2DA03C3230B982300491721 /* Orders */ = {
			isa = PBXGroup;
			children = (
				A2DA03CF230BA20100491721 /* HGOrdersViewController.h */,
				A2DA03D0230BA20100491721 /* HGOrdersViewController.m */,
			);
			path = Orders;
			sourceTree = "<group>";
		};
		A2DA03C4230B982E00491721 /* Mine */ = {
			isa = PBXGroup;
			children = (
				A2DA03CC230BA1F700491721 /* HGMineViewController.h */,
				A2DA03CD230BA1F700491721 /* HGMineViewController.m */,
				A2DA03DB230BE9EA00491721 /* HGMineCell.h */,
				A2DA03DC230BE9EA00491721 /* HGMineCell.m */,
				A2DA03DE230BF1E400491721 /* MineCell.plist */,
				A2DA03E0230BF33F00491721 /* HGMineCellModel.h */,
				A2DA03E1230BF33F00491721 /* HGMineCellModel.m */,
				A2DA03E3230BF77A00491721 /* HGFeedBackViewController.h */,
				A2DA03E4230BF77A00491721 /* HGFeedBackViewController.m */,
				A2DA03E6230BFDAE00491721 /* HGSettingViewController.h */,
				A2DA03E7230BFDAE00491721 /* HGSettingViewController.m */,
				A2DA03E9230BFEC400491721 /* HGMineSettingCell.h */,
				A2DA03EA230BFEC400491721 /* HGMineSettingCell.m */,
				A2DA03F1230C0B0C00491721 /* SAChangePwd.storyboard */,
				A2DA03EF230C0B0C00491721 /* SAChangePwdViewController.h */,
				A2DA03F0230C0B0C00491721 /* SAChangePwdViewController.m */,
			);
			path = Mine;
			sourceTree = "<group>";
		};
		C1C4A67037F20BE1986DCE69 /* Frameworks */ = {
			isa = PBXGroup;
			children = (
				19A0E092F9C20DEDCC909AB7 /* libPods-HuangGuan.a */,
			);
			name = Frameworks;
			sourceTree = "<group>";
		};
		E02A77FF10230D0CDEDC3ADE /* Pods */ = {
			isa = PBXGroup;
			children = (
				5935E396E0B40CA6BF87D49A /* Pods-HuangGuan.debug.xcconfig */,
				99AA282045AB15149CFEBBA0 /* Pods-HuangGuan.release.xcconfig */,
			);
			path = Pods;
			sourceTree = "<group>";
		};
/* End PBXGroup section */

/* Begin PBXNativeTarget section */
		A2DA0398230B8EB300491721 /* HuangGuan */ = {
			isa = PBXNativeTarget;
			buildConfigurationList = A2DA03AF230B8EB600491721 /* Build configuration list for PBXNativeTarget "HuangGuan" */;
			buildPhases = (
				88DFE56664D4A6554BD009B7 /* [CP] Check Pods Manifest.lock */,
				A2DA0395230B8EB300491721 /* Sources */,
				A2DA0396230B8EB300491721 /* Frameworks */,
				A2DA0397230B8EB300491721 /* Resources */,
			);
			buildRules = (
			);
			dependencies = (
			);
			name = HuangGuan;
			productName = HuangGuan;
			productReference = A2DA0399230B8EB300491721 /* HuangGuan.app */;
			productType = "com.apple.product-type.application";
		};
/* End PBXNativeTarget section */

/* Begin PBXProject section */
		A2DA0391230B8EB300491721 /* Project object */ = {
			isa = PBXProject;
			attributes = {
				CLASSPREFIX = HG;
				LastUpgradeCheck = 1020;
				ORGANIZATIONNAME = LK;
				TargetAttributes = {
					A2DA0398230B8EB300491721 = {
						CreatedOnToolsVersion = 10.2.1;
					};
				};
			};
			buildConfigurationList = A2DA0394230B8EB300491721 /* Build configuration list for PBXProject "HuangGuan" */;
			compatibilityVersion = "Xcode 9.3";
			developmentRegion = en;
			hasScannedForEncodings = 0;
			knownRegions = (
				en,
				Base,
			);
			mainGroup = A2DA0390230B8EB300491721;
			productRefGroup = A2DA039A230B8EB300491721 /* Products */;
			projectDirPath = "";
			projectRoot = "";
			targets = (
				A2DA0398230B8EB300491721 /* HuangGuan */,
			);
		};
/* End PBXProject section */

/* Begin PBXResourcesBuildPhase section */
		A2DA0397230B8EB300491721 /* Resources */ = {
			isa = PBXResourcesBuildPhase;
			buildActionMask = 2147483647;
			files = (
				A2DA03A9230B8EB500491721 /* LaunchScreen.storyboard in Resources */,
				A2DA03DF230BF1E400491721 /* MineCell.plist in Resources */,
				A2DA03F3230C0B0C00491721 /* SAChangePwd.storyboard in Resources */,
				A2DA03A6230B8EB500491721 /* Assets.xcassets in Resources */,
				A2DA03A4230B8EB300491721 /* Main.storyboard in Resources */,
			);
			runOnlyForDeploymentPostprocessing = 0;
		};
/* End PBXResourcesBuildPhase section */

/* Begin PBXShellScriptBuildPhase section */
		88DFE56664D4A6554BD009B7 /* [CP] Check Pods Manifest.lock */ = {
			isa = PBXShellScriptBuildPhase;
			buildActionMask = 2147483647;
			files = (
			);
			inputFileListPaths = (
			);
			inputPaths = (
				"${PODS_PODFILE_DIR_PATH}/Podfile.lock",
				"${PODS_ROOT}/Manifest.lock",
			);
			name = "[CP] Check Pods Manifest.lock";
			outputFileListPaths = (
			);
			outputPaths = (
				"$(DERIVED_FILE_DIR)/Pods-HuangGuan-checkManifestLockResult.txt",
			);
			runOnlyForDeploymentPostprocessing = 0;
			shellPath = /bin/sh;
			shellScript = "diff \"${PODS_PODFILE_DIR_PATH}/Podfile.lock\" \"${PODS_ROOT}/Manifest.lock\" > /dev/null\nif [ $? != 0 ] ; then\n    # print error to STDERR\n    echo \"error: The sandbox is not in sync with the Podfile.lock. Run 'pod install' or update your CocoaPods installation.\" >&2\n    exit 1\nfi\n# This output is used by Xcode 'outputs' to avoid re-running this script phase.\necho \"SUCCESS\" > \"${SCRIPT_OUTPUT_FILE_0}\"\n";
			showEnvVarsInLog = 0;
		};
/* End PBXShellScriptBuildPhase section */

/* Begin PBXSourcesBuildPhase section */
		A2DA0395230B8EB300491721 /* Sources */ = {
			isa = PBXSourcesBuildPhase;
			buildActionMask = 2147483647;
			files = (
				A2DA03DA230BCD4500491721 /* UIImage+GradientColor.m in Sources */,
				A2DA03D1230BA20100491721 /* HGOrdersViewController.m in Sources */,
				A2DA03A1230B8EB300491721 /* ViewController.m in Sources */,
				A2DA03CE230BA1F700491721 /* HGMineViewController.m in Sources */,
				A2DA03EB230BFEC400491721 /* HGMineSettingCell.m in Sources */,
				A2DA03E5230BF77A00491721 /* HGFeedBackViewController.m in Sources */,
				A2DA03C0230B97E300491721 /* HGTabBarController.m in Sources */,
				A2DA03AC230B8EB600491721 /* main.m in Sources */,
				A2DA03BD230B97C900491721 /* HGNavigationController.m in Sources */,
				A2DA03DD230BE9EA00491721 /* HGMineCell.m in Sources */,
				A2DA03D7230BA21500491721 /* HGMainViewController.m in Sources */,
				A2DA03E8230BFDAE00491721 /* HGSettingViewController.m in Sources */,
				A2DA03CA230B9FDB00491721 /* HGBaseViewController.m in Sources */,
				A2DA03E2230BF33F00491721 /* HGMineCellModel.m in Sources */,
				A2DA03D4230BA20C00491721 /* HGShoppingCartViewController.m in Sources */,
				A2DA039E230B8EB300491721 /* AppDelegate.m in Sources */,
				A2DA03F2230C0B0C00491721 /* SAChangePwdViewController.m in Sources */,
			);
			runOnlyForDeploymentPostprocessing = 0;
		};
/* End PBXSourcesBuildPhase section */

/* Begin PBXVariantGroup section */
		A2DA03A2230B8EB300491721 /* Main.storyboard */ = {
			isa = PBXVariantGroup;
			children = (
				A2DA03A3230B8EB300491721 /* Base */,
			);
			name = Main.storyboard;
			sourceTree = "<group>";
		};
		A2DA03A7230B8EB500491721 /* LaunchScreen.storyboard */ = {
			isa = PBXVariantGroup;
			children = (
				A2DA03A8230B8EB500491721 /* Base */,
			);
			name = LaunchScreen.storyboard;
			sourceTree = "<group>";
		};
/* End PBXVariantGroup section */

/* Begin XCBuildConfiguration section */
		A2DA03AD230B8EB600491721 /* Debug */ = {
			isa = XCBuildConfiguration;
			buildSettings = {
				ALWAYS_SEARCH_USER_PATHS = NO;
				CLANG_ANALYZER_NONNULL = YES;
				CLANG_ANALYZER_NUMBER_OBJECT_CONVERSION = YES_AGGRESSIVE;
				CLANG_CXX_LANGUAGE_STANDARD = "gnu++14";
				CLANG_CXX_LIBRARY = "libc++";
				CLANG_ENABLE_MODULES = YES;
				CLANG_ENABLE_OBJC_ARC = YES;
				CLANG_ENABLE_OBJC_WEAK = YES;
				CLANG_WARN_BLOCK_CAPTURE_AUTORELEASING = YES;
				CLANG_WARN_BOOL_CONVERSION = YES;
				CLANG_WARN_COMMA = YES;
				CLANG_WARN_CONSTANT_CONVERSION = YES;
				CLANG_WARN_DEPRECATED_OBJC_IMPLEMENTATIONS = YES;
				CLANG_WARN_DIRECT_OBJC_ISA_USAGE = YES_ERROR;
				CLANG_WARN_DOCUMENTATION_COMMENTS = YES;
				CLANG_WARN_EMPTY_BODY = YES;
				CLANG_WARN_ENUM_CONVERSION = YES;
				CLANG_WARN_INFINITE_RECURSION = YES;
				CLANG_WARN_INT_CONVERSION = YES;
				CLANG_WARN_NON_LITERAL_NULL_CONVERSION = YES;
				CLANG_WARN_OBJC_IMPLICIT_RETAIN_SELF = YES;
				CLANG_WARN_OBJC_LITERAL_CONVERSION = YES;
				CLANG_WARN_OBJC_ROOT_CLASS = YES_ERROR;
				CLANG_WARN_RANGE_LOOP_ANALYSIS = YES;
				CLANG_WARN_STRICT_PROTOTYPES = YES;
				CLANG_WARN_SUSPICIOUS_MOVE = YES;
				CLANG_WARN_UNGUARDED_AVAILABILITY = YES_AGGRESSIVE;
				CLANG_WARN_UNREACHABLE_CODE = YES;
				CLANG_WARN__DUPLICATE_METHOD_MATCH = YES;
				CODE_SIGN_IDENTITY = "iPhone Developer";
				COPY_PHASE_STRIP = NO;
				DEBUG_INFORMATION_FORMAT = dwarf;
				ENABLE_STRICT_OBJC_MSGSEND = YES;
				ENABLE_TESTABILITY = YES;
				GCC_C_LANGUAGE_STANDARD = gnu11;
				GCC_DYNAMIC_NO_PIC = NO;
				GCC_NO_COMMON_BLOCKS = YES;
				GCC_OPTIMIZATION_LEVEL = 0;
				GCC_PREPROCESSOR_DEFINITIONS = (
					"DEBUG=1",
					"$(inherited)",
				);
				GCC_WARN_64_TO_32_BIT_CONVERSION = YES;
				GCC_WARN_ABOUT_RETURN_TYPE = YES_ERROR;
				GCC_WARN_UNDECLARED_SELECTOR = YES;
				GCC_WARN_UNINITIALIZED_AUTOS = YES_AGGRESSIVE;
				GCC_WARN_UNUSED_FUNCTION = YES;
				GCC_WARN_UNUSED_VARIABLE = YES;
				IPHONEOS_DEPLOYMENT_TARGET = 12.2;
				MTL_ENABLE_DEBUG_INFO = INCLUDE_SOURCE;
				MTL_FAST_MATH = YES;
				ONLY_ACTIVE_ARCH = YES;
				SDKROOT = iphoneos;
			};
			name = Debug;
		};
		A2DA03AE230B8EB600491721 /* Release */ = {
			isa = XCBuildConfiguration;
			buildSettings = {
				ALWAYS_SEARCH_USER_PATHS = NO;
				CLANG_ANALYZER_NONNULL = YES;
				CLANG_ANALYZER_NUMBER_OBJECT_CONVERSION = YES_AGGRESSIVE;
				CLANG_CXX_LANGUAGE_STANDARD = "gnu++14";
				CLANG_CXX_LIBRARY = "libc++";
				CLANG_ENABLE_MODULES = YES;
				CLANG_ENABLE_OBJC_ARC = YES;
				CLANG_ENABLE_OBJC_WEAK = YES;
				CLANG_WARN_BLOCK_CAPTURE_AUTORELEASING = YES;
				CLANG_WARN_BOOL_CONVERSION = YES;
				CLANG_WARN_COMMA = YES;
				CLANG_WARN_CONSTANT_CONVERSION = YES;
				CLANG_WARN_DEPRECATED_OBJC_IMPLEMENTATIONS = YES;
				CLANG_WARN_DIRECT_OBJC_ISA_USAGE = YES_ERROR;
				CLANG_WARN_DOCUMENTATION_COMMENTS = YES;
				CLANG_WARN_EMPTY_BODY = YES;
				CLANG_WARN_ENUM_CONVERSION = YES;
				CLANG_WARN_INFINITE_RECURSION = YES;
				CLANG_WARN_INT_CONVERSION = YES;
				CLANG_WARN_NON_LITERAL_NULL_CONVERSION = YES;
				CLANG_WARN_OBJC_IMPLICIT_RETAIN_SELF = YES;
				CLANG_WARN_OBJC_LITERAL_CONVERSION = YES;
				CLANG_WARN_OBJC_ROOT_CLASS = YES_ERROR;
				CLANG_WARN_RANGE_LOOP_ANALYSIS = YES;
				CLANG_WARN_STRICT_PROTOTYPES = YES;
				CLANG_WARN_SUSPICIOUS_MOVE = YES;
				CLANG_WARN_UNGUARDED_AVAILABILITY = YES_AGGRESSIVE;
				CLANG_WARN_UNREACHABLE_CODE = YES;
				CLANG_WARN__DUPLICATE_METHOD_MATCH = YES;
				CODE_SIGN_IDENTITY = "iPhone Developer";
				COPY_PHASE_STRIP = NO;
				DEBUG_INFORMATION_FORMAT = "dwarf-with-dsym";
				ENABLE_NS_ASSERTIONS = NO;
				ENABLE_STRICT_OBJC_MSGSEND = YES;
				GCC_C_LANGUAGE_STANDARD = gnu11;
				GCC_NO_COMMON_BLOCKS = YES;
				GCC_WARN_64_TO_32_BIT_CONVERSION = YES;
				GCC_WARN_ABOUT_RETURN_TYPE = YES_ERROR;
				GCC_WARN_UNDECLARED_SELECTOR = YES;
				GCC_WARN_UNINITIALIZED_AUTOS = YES_AGGRESSIVE;
				GCC_WARN_UNUSED_FUNCTION = YES;
				GCC_WARN_UNUSED_VARIABLE = YES;
				IPHONEOS_DEPLOYMENT_TARGET = 12.2;
				MTL_ENABLE_DEBUG_INFO = NO;
				MTL_FAST_MATH = YES;
				SDKROOT = iphoneos;
				VALIDATE_PRODUCT = YES;
			};
			name = Release;
		};
		A2DA03B0230B8EB600491721 /* Debug */ = {
			isa = XCBuildConfiguration;
			baseConfigurationReference = 5935E396E0B40CA6BF87D49A /* Pods-HuangGuan.debug.xcconfig */;
			buildSettings = {
				ASSETCATALOG_COMPILER_APPICON_NAME = AppIcon;
				CODE_SIGN_STYLE = Automatic;
				GCC_PRECOMPILE_PREFIX_HEADER = YES;
				GCC_PREFIX_HEADER = /Users/likai/PartTimeOutSourcing/HuangGuan/HuangGuan/Other/PrefixHeader.pch;
				INFOPLIST_FILE = HuangGuan/Info.plist;
				LD_RUNPATH_SEARCH_PATHS = (
					"$(inherited)",
					"@executable_path/Frameworks",
				);
				PRODUCT_BUNDLE_IDENTIFIER = "-223LK.HuangGuan";
				PRODUCT_NAME = "$(TARGET_NAME)";
				TARGETED_DEVICE_FAMILY = "1,2";
			};
			name = Debug;
		};
		A2DA03B1230B8EB600491721 /* Release */ = {
			isa = XCBuildConfiguration;
			baseConfigurationReference = 99AA282045AB15149CFEBBA0 /* Pods-HuangGuan.release.xcconfig */;
			buildSettings = {
				ASSETCATALOG_COMPILER_APPICON_NAME = AppIcon;
				CODE_SIGN_STYLE = Automatic;
				GCC_PRECOMPILE_PREFIX_HEADER = YES;
				GCC_PREFIX_HEADER = /Users/likai/PartTimeOutSourcing/HuangGuan/HuangGuan/Other/PrefixHeader.pch;
				INFOPLIST_FILE = HuangGuan/Info.plist;
				LD_RUNPATH_SEARCH_PATHS = (
					"$(inherited)",
					"@executable_path/Frameworks",
				);
				PRODUCT_BUNDLE_IDENTIFIER = "-223LK.HuangGuan";
				PRODUCT_NAME = "$(TARGET_NAME)";
				TARGETED_DEVICE_FAMILY = "1,2";
			};
			name = Release;
		};
/* End XCBuildConfiguration section */

/* Begin XCConfigurationList section */
		A2DA0394230B8EB300491721 /* Build configuration list for PBXProject "HuangGuan" */ = {
			isa = XCConfigurationList;
			buildConfigurations = (
				A2DA03AD230B8EB600491721 /* Debug */,
				A2DA03AE230B8EB600491721 /* Release */,
			);
			defaultConfigurationIsVisible = 0;
			defaultConfigurationName = Release;
		};
		A2DA03AF230B8EB600491721 /* Build configuration list for PBXNativeTarget "HuangGuan" */ = {
			isa = XCConfigurationList;
			buildConfigurations = (
				A2DA03B0230B8EB600491721 /* Debug */,
				A2DA03B1230B8EB600491721 /* Release */,
			);
			defaultConfigurationIsVisible = 0;
			defaultConfigurationName = Release;
		};
/* End XCConfigurationList section */
	};
	rootObject = A2DA0391230B8EB300491721 /* Project object */;
}
